
Microsoft Visual Studio Solution File, Format Version 12.00
# Visual Studio Version 17
VisualStudioVersion = 17.13.35825.156
MinimumVisualStudioVersion = 10.0.40219.1
Project("{2150E333-8FDC-42A3-9474-1A3956D46DE8}") = "Chapter01", "Chapter01", "{DDB4EF12-CC4E-5E88-E6FC-71A802F4DE97}"
EndProject
Project("{FAE04EC0-301F-11D3-BF4B-00C04F79EFBC}") = "ProductSample", "Chapter01\ProductSample\ProductSample.csproj", "{AE85B8D9-08FE-4B00-952C-43401537E35A}"
EndProject
Project("{2150E333-8FDC-42A3-9474-1A3956D46DE8}") = "Chapter02", "Chapter02", "{00DBAB36-A2F8-4515-A121-C1A913A8CD1E}"
EndProject
Project("{FAE04EC0-301F-11D3-BF4B-00C04F79EFBC}") = "DistanceConverter", "Chapter02\DistanceConverter\DistanceConverter.csproj", "{8F21C7A9-587A-48F4-829A-0E333C6E73CB}"
EndProject
Project("{FAE04EC0-301F-11D3-BF4B-00C04F79EFBC}") = "Exercise02", "Chapter02\演習問題\Exercise02\Exercise02.csproj", "{66D5FF76-22ED-4236-9A96-25C55E21294A}"
EndProject
Project("{FAE04EC0-301F-11D3-BF4B-00C04F79EFBC}") = "Exercise022", "Chapter02\演習問題\Exercise02-2\Exercise02-2\Exercise022.csproj", "{C81764BA-A643-4BCF-9B29-BB50962661FE}"
EndProject
Project("{2150E333-8FDC-42A3-9474-1A3956D46DE8}") = "距離換算プログラム", "距離換算プログラム", "{FA025323-CF66-4CE6-9100-3576F5C29544}"
EndProject
Project("{2150E333-8FDC-42A3-9474-1A3956D46DE8}") = "FormApps", "FormApps", "{7FEFC46A-50B0-4B6C-A8DD-5CCBFA867F9A}"
EndProject
Project("{FAE04EC0-301F-11D3-BF4B-00C04F79EFBC}") = "UnitConverter", "FormApps\UnitConverter\UnitConverter.csproj", "{B172E40B-C286-45D9-8263-E83629C9A09E}"
EndProject
Project("{FAE04EC0-301F-11D3-BF4B-00C04F79EFBC}") = "StopWatch", "FormApps\StopWatch\StopWatch.csproj", "{A1B96F37-1552-4CA5-80B1-F67CE7DE1C89}"
EndProject
Project("{2150E333-8FDC-42A3-9474-1A3956D46DE8}") = "売上集計プログラム", "売上集計プログラム", "{8064340F-032E-4BF1-BB6D-B9D4131CCF75}"
EndProject
Project("{FAE04EC0-301F-11D3-BF4B-00C04F79EFBC}") = "SalesCalculator", "Chapter02\SalesCalculator\SalesCalculator.csproj", "{3FFECA8F-BC9B-4C24-AA81-B7F6B8821015}"
EndProject
Project("{2150E333-8FDC-42A3-9474-1A3956D46DE8}") = "演習問題", "演習問題", "{65CAFC32-EDDD-4C11-86F7-2672F258EB10}"
EndProject
Project("{FAE04EC0-301F-11D3-BF4B-00C04F79EFBC}") = "Exercise01", "Chapter02\演習問題\Exercise01\Exercise01.csproj", "{D5336D19-E841-4835-8E31-6B69C4AA6BE4}"
EndProject
Project("{2150E333-8FDC-42A3-9474-1A3956D46DE8}") = "Chapter03", "Chapter03", "{5DBF3D4E-18DD-43EB-8EF7-DE9B8E5E7D3D}"
EndProject
Project("{FAE04EC0-301F-11D3-BF4B-00C04F79EFBC}") = "Section01", "Chapter03\Section01\Section01.csproj", "{B1F8B6B0-9033-4D04-B467-5C63803A72CE}"
EndProject
Project("{2150E333-8FDC-42A3-9474-1A3956D46DE8}") = "演習問題", "演習問題", "{5EC31086-E854-4751-803D-43CDD610860F}"
EndProject
Project("{FAE04EC0-301F-11D3-BF4B-00C04F79EFBC}") = "Exercise02", "Chapter03\演習問題\Exercise02\Exercise02.csproj", "{96057D6B-AD5C-4C2E-A251-81FEBBEE6B42}"
EndProject
Project("{FAE04EC0-301F-11D3-BF4B-00C04F79EFBC}") = "Section04", "Chapter03\Section04\Section04.csproj", "{F1C1E473-FB29-4C47-A6DA-128834782591}"
EndProject
Project("{FAE04EC0-301F-11D3-BF4B-00C04F79EFBC}") = "Exercise01", "Chapter03\演習問題\Exercise01\Exercise01.csproj", "{3026868D-0A37-4A7F-99BA-8DBB53464079}"
EndProject
Project("{FAE04EC0-301F-11D3-BF4B-00C04F79EFBC}") = "Section04", "Chapter04\Section04\Section04.csproj", "{3A95A141-AAD8-CCAB-6F75-1E63A7123829}"
EndProject
Project("{FAE04EC0-301F-11D3-BF4B-00C04F79EFBC}") = "Exercise01", "Chapter04\演習問題\Exercise01\Exercise01.csproj", "{94DD345E-7CED-4741-C3E7-505B445CE161}"
EndProject
Project("{2150E333-8FDC-42A3-9474-1A3956D46DE8}") = "Chapter04", "Chapter04", "{2A09E7DE-4B30-4592-9E99-843AB4331AEC}"
EndProject
Project("{2150E333-8FDC-42A3-9474-1A3956D46DE8}") = "演習問題", "演習問題", "{88E9ABAB-18F9-4D62-86F0-9519602D63F7}"
EndProject
Project("{FAE04EC0-301F-11D3-BF4B-00C04F79EFBC}") = "Exercise02", "Chapter04\演習問題\Exercise02\Exercise02.csproj", "{2A3270C8-631C-498E-AA94-4EF826927462}"
EndProject
Project("{2150E333-8FDC-42A3-9474-1A3956D46DE8}") = "LINQ", "LINQ", "{E463ADAA-E939-4CFE-B78B-F19CF4B996AC}"
EndProject
Project("{FAE04EC0-301F-11D3-BF4B-00C04F79EFBC}") = "LINQSample", "LINQ\LINQSample\LINQSample.csproj", "{D3A2AD2A-186C-47A5-B0C4-46B3FB7AAE12}"
EndProject
Project("{2150E333-8FDC-42A3-9474-1A3956D46DE8}") = "Chapter06", "Chapter06", "{7E3BD886-C755-4292-B05F-DEA987B307A8}"
EndProject
Project("{2150E333-8FDC-42A3-9474-1A3956D46DE8}") = "Chapter07", "Chapter07", "{27A7D3E5-F059-48A0-B997-94AB004CD9DB}"
EndProject
Project("{2150E333-8FDC-42A3-9474-1A3956D46DE8}") = "演習問題", "演習問題", "{20F74B8E-13B5-438D-B27B-D722D459E526}"
EndProject
Project("{FAE04EC0-301F-11D3-BF4B-00C04F79EFBC}") = "Exercise01", "Chapter07\演習問題\Exercise01\Exercise01.csproj", "{E5D24003-8EC3-4A11-816D-894430FCE2D4}"
EndProject
Project("{FAE04EC0-301F-11D3-BF4B-00C04F79EFBC}") = "Section01", "Chapter07\Section01\Section01.csproj", "{A066218B-783D-4C00-A416-99DB2FB45301}"
EndProject
Project("{FAE04EC0-301F-11D3-BF4B-00C04F79EFBC}") = "Section05", "Chapter07\Section05\Section05.csproj", "{A4F7C34F-AA81-4235-845B-480154493FA1}"
EndProject
Project("{FAE04EC0-301F-11D3-BF4B-00C04F79EFBC}") = "Exercise02", "Chapter07\演習問題\Exercise02\Exercise02.csproj", "{C78F49A2-F3DC-4705-9811-4F497C8CEE2B}"
EndProject
Project("{2150E333-8FDC-42A3-9474-1A3956D46DE8}") = "Chapter05", "Chapter05", "{00862363-A515-4EF8-A357-A6345CD1984D}"
EndProject
Project("{2150E333-8FDC-42A3-9474-1A3956D46DE8}") = "演習問題", "演習問題", "{47B412FE-80ED-493D-86C8-E32801E507FD}"
EndProject
Project("{FAE04EC0-301F-11D3-BF4B-00C04F79EFBC}") = "Section01", "Chapter06\Section01\Section01.csproj", "{0603DDE6-82BE-49A1-81DE-805E90792DC6}"
EndProject
Project("{FAE04EC0-301F-11D3-BF4B-00C04F79EFBC}") = "Exercise01", "Chapter06\演習問題\Exercise01\Exercise01.csproj", "{B67AC13B-EA99-4E5D-A44A-EDE583EA953B}"
EndProject
Project("{FAE04EC0-301F-11D3-BF4B-00C04F79EFBC}") = "Exercise03", "Chapter06\演習問題\Exercise03\Exercise03.csproj", "{DC2E200C-6B43-4F70-B11F-DB8A9357FC78}"
EndProject
Project("{FAE04EC0-301F-11D3-BF4B-00C04F79EFBC}") = "Exercise04", "Chapter06\演習問題\Exercise04\Exercise04.csproj", "{3371F1D9-AE66-4FBD-9148-15637677E50C}"
EndProject
Global
	GlobalSection(SolutionConfigurationPlatforms) = preSolution
		Debug|Any CPU = Debug|Any CPU
		Release|Any CPU = Release|Any CPU
	EndGlobalSection
	GlobalSection(ProjectConfigurationPlatforms) = postSolution
		{AE85B8D9-08FE-4B00-952C-43401537E35A}.Debug|Any CPU.ActiveCfg = Debug|Any CPU
		{AE85B8D9-08FE-4B00-952C-43401537E35A}.Debug|Any CPU.Build.0 = Debug|Any CPU
		{AE85B8D9-08FE-4B00-952C-43401537E35A}.Release|Any CPU.ActiveCfg = Release|Any CPU
		{AE85B8D9-08FE-4B00-952C-43401537E35A}.Release|Any CPU.Build.0 = Release|Any CPU
		{8F21C7A9-587A-48F4-829A-0E333C6E73CB}.Debug|Any CPU.ActiveCfg = Debug|Any CPU
		{8F21C7A9-587A-48F4-829A-0E333C6E73CB}.Debug|Any CPU.Build.0 = Debug|Any CPU
		{8F21C7A9-587A-48F4-829A-0E333C6E73CB}.Release|Any CPU.ActiveCfg = Release|Any CPU
		{8F21C7A9-587A-48F4-829A-0E333C6E73CB}.Release|Any CPU.Build.0 = Release|Any CPU
		{66D5FF76-22ED-4236-9A96-25C55E21294A}.Debug|Any CPU.ActiveCfg = Debug|Any CPU
		{66D5FF76-22ED-4236-9A96-25C55E21294A}.Debug|Any CPU.Build.0 = Debug|Any CPU
		{66D5FF76-22ED-4236-9A96-25C55E21294A}.Release|Any CPU.ActiveCfg = Release|Any CPU
		{66D5FF76-22ED-4236-9A96-25C55E21294A}.Release|Any CPU.Build.0 = Release|Any CPU
		{C81764BA-A643-4BCF-9B29-BB50962661FE}.Debug|Any CPU.ActiveCfg = Debug|Any CPU
		{C81764BA-A643-4BCF-9B29-BB50962661FE}.Debug|Any CPU.Build.0 = Debug|Any CPU
		{C81764BA-A643-4BCF-9B29-BB50962661FE}.Release|Any CPU.ActiveCfg = Release|Any CPU
		{C81764BA-A643-4BCF-9B29-BB50962661FE}.Release|Any CPU.Build.0 = Release|Any CPU
		{B172E40B-C286-45D9-8263-E83629C9A09E}.Debug|Any CPU.ActiveCfg = Debug|Any CPU
		{B172E40B-C286-45D9-8263-E83629C9A09E}.Debug|Any CPU.Build.0 = Debug|Any CPU
		{B172E40B-C286-45D9-8263-E83629C9A09E}.Release|Any CPU.ActiveCfg = Release|Any CPU
		{B172E40B-C286-45D9-8263-E83629C9A09E}.Release|Any CPU.Build.0 = Release|Any CPU
		{A1B96F37-1552-4CA5-80B1-F67CE7DE1C89}.Debug|Any CPU.ActiveCfg = Debug|Any CPU
		{A1B96F37-1552-4CA5-80B1-F67CE7DE1C89}.Debug|Any CPU.Build.0 = Debug|Any CPU
		{A1B96F37-1552-4CA5-80B1-F67CE7DE1C89}.Release|Any CPU.ActiveCfg = Release|Any CPU
		{A1B96F37-1552-4CA5-80B1-F67CE7DE1C89}.Release|Any CPU.Build.0 = Release|Any CPU
		{3FFECA8F-BC9B-4C24-AA81-B7F6B8821015}.Debug|Any CPU.ActiveCfg = Debug|Any CPU
		{3FFECA8F-BC9B-4C24-AA81-B7F6B8821015}.Debug|Any CPU.Build.0 = Debug|Any CPU
		{3FFECA8F-BC9B-4C24-AA81-B7F6B8821015}.Release|Any CPU.ActiveCfg = Release|Any CPU
		{3FFECA8F-BC9B-4C24-AA81-B7F6B8821015}.Release|Any CPU.Build.0 = Release|Any CPU
		{D5336D19-E841-4835-8E31-6B69C4AA6BE4}.Debug|Any CPU.ActiveCfg = Debug|Any CPU
		{D5336D19-E841-4835-8E31-6B69C4AA6BE4}.Debug|Any CPU.Build.0 = Debug|Any CPU
		{D5336D19-E841-4835-8E31-6B69C4AA6BE4}.Release|Any CPU.ActiveCfg = Release|Any CPU
		{D5336D19-E841-4835-8E31-6B69C4AA6BE4}.Release|Any CPU.Build.0 = Release|Any CPU
		{B1F8B6B0-9033-4D04-B467-5C63803A72CE}.Debug|Any CPU.ActiveCfg = Debug|Any CPU
		{B1F8B6B0-9033-4D04-B467-5C63803A72CE}.Debug|Any CPU.Build.0 = Debug|Any CPU
		{B1F8B6B0-9033-4D04-B467-5C63803A72CE}.Release|Any CPU.ActiveCfg = Release|Any CPU
		{B1F8B6B0-9033-4D04-B467-5C63803A72CE}.Release|Any CPU.Build.0 = Release|Any CPU
		{96057D6B-AD5C-4C2E-A251-81FEBBEE6B42}.Debug|Any CPU.ActiveCfg = Debug|Any CPU
		{96057D6B-AD5C-4C2E-A251-81FEBBEE6B42}.Debug|Any CPU.Build.0 = Debug|Any CPU
		{96057D6B-AD5C-4C2E-A251-81FEBBEE6B42}.Release|Any CPU.ActiveCfg = Release|Any CPU
		{96057D6B-AD5C-4C2E-A251-81FEBBEE6B42}.Release|Any CPU.Build.0 = Release|Any CPU
		{F1C1E473-FB29-4C47-A6DA-128834782591}.Debug|Any CPU.ActiveCfg = Debug|Any CPU
		{F1C1E473-FB29-4C47-A6DA-128834782591}.Debug|Any CPU.Build.0 = Debug|Any CPU
		{F1C1E473-FB29-4C47-A6DA-128834782591}.Release|Any CPU.ActiveCfg = Release|Any CPU
		{F1C1E473-FB29-4C47-A6DA-128834782591}.Release|Any CPU.Build.0 = Release|Any CPU
		{3026868D-0A37-4A7F-99BA-8DBB53464079}.Debug|Any CPU.ActiveCfg = Debug|Any CPU
		{3026868D-0A37-4A7F-99BA-8DBB53464079}.Debug|Any CPU.Build.0 = Debug|Any CPU
		{3026868D-0A37-4A7F-99BA-8DBB53464079}.Release|Any CPU.ActiveCfg = Release|Any CPU
		{3026868D-0A37-4A7F-99BA-8DBB53464079}.Release|Any CPU.Build.0 = Release|Any CPU
		{3A95A141-AAD8-CCAB-6F75-1E63A7123829}.Debug|Any CPU.ActiveCfg = Debug|Any CPU
		{3A95A141-AAD8-CCAB-6F75-1E63A7123829}.Debug|Any CPU.Build.0 = Debug|Any CPU
		{3A95A141-AAD8-CCAB-6F75-1E63A7123829}.Release|Any CPU.ActiveCfg = Release|Any CPU
		{3A95A141-AAD8-CCAB-6F75-1E63A7123829}.Release|Any CPU.Build.0 = Release|Any CPU
		{94DD345E-7CED-4741-C3E7-505B445CE161}.Debug|Any CPU.ActiveCfg = Debug|Any CPU
		{94DD345E-7CED-4741-C3E7-505B445CE161}.Debug|Any CPU.Build.0 = Debug|Any CPU
		{94DD345E-7CED-4741-C3E7-505B445CE161}.Release|Any CPU.ActiveCfg = Release|Any CPU
		{94DD345E-7CED-4741-C3E7-505B445CE161}.Release|Any CPU.Build.0 = Release|Any CPU
		{2A3270C8-631C-498E-AA94-4EF826927462}.Debug|Any CPU.ActiveCfg = Debug|Any CPU
		{2A3270C8-631C-498E-AA94-4EF826927462}.Debug|Any CPU.Build.0 = Debug|Any CPU
		{2A3270C8-631C-498E-AA94-4EF826927462}.Release|Any CPU.ActiveCfg = Release|Any CPU
		{2A3270C8-631C-498E-AA94-4EF826927462}.Release|Any CPU.Build.0 = Release|Any CPU
		{D3A2AD2A-186C-47A5-B0C4-46B3FB7AAE12}.Debug|Any CPU.ActiveCfg = Debug|Any CPU
		{D3A2AD2A-186C-47A5-B0C4-46B3FB7AAE12}.Debug|Any CPU.Build.0 = Debug|Any CPU
		{D3A2AD2A-186C-47A5-B0C4-46B3FB7AAE12}.Release|Any CPU.ActiveCfg = Release|Any CPU
		{D3A2AD2A-186C-47A5-B0C4-46B3FB7AAE12}.Release|Any CPU.Build.0 = Release|Any CPU
		{E5D24003-8EC3-4A11-816D-894430FCE2D4}.Debug|Any CPU.ActiveCfg = Debug|Any CPU
		{E5D24003-8EC3-4A11-816D-894430FCE2D4}.Debug|Any CPU.Build.0 = Debug|Any CPU
		{E5D24003-8EC3-4A11-816D-894430FCE2D4}.Release|Any CPU.ActiveCfg = Release|Any CPU
		{E5D24003-8EC3-4A11-816D-894430FCE2D4}.Release|Any CPU.Build.0 = Release|Any CPU
		{A066218B-783D-4C00-A416-99DB2FB45301}.Debug|Any CPU.ActiveCfg = Debug|Any CPU
		{A066218B-783D-4C00-A416-99DB2FB45301}.Debug|Any CPU.Build.0 = Debug|Any CPU
		{A066218B-783D-4C00-A416-99DB2FB45301}.Release|Any CPU.ActiveCfg = Release|Any CPU
		{A066218B-783D-4C00-A416-99DB2FB45301}.Release|Any CPU.Build.0 = Release|Any CPU
		{A4F7C34F-AA81-4235-845B-480154493FA1}.Debug|Any CPU.ActiveCfg = Debug|Any CPU
		{A4F7C34F-AA81-4235-845B-480154493FA1}.Debug|Any CPU.Build.0 = Debug|Any CPU
		{A4F7C34F-AA81-4235-845B-480154493FA1}.Release|Any CPU.ActiveCfg = Release|Any CPU
		{A4F7C34F-AA81-4235-845B-480154493FA1}.Release|Any CPU.Build.0 = Release|Any CPU
		{C78F49A2-F3DC-4705-9811-4F497C8CEE2B}.Debug|Any CPU.ActiveCfg = Debug|Any CPU
		{C78F49A2-F3DC-4705-9811-4F497C8CEE2B}.Debug|Any CPU.Build.0 = Debug|Any CPU
		{C78F49A2-F3DC-4705-9811-4F497C8CEE2B}.Release|Any CPU.ActiveCfg = Release|Any CPU
		{C78F49A2-F3DC-4705-9811-4F497C8CEE2B}.Release|Any CPU.Build.0 = Release|Any CPU
		{0603DDE6-82BE-49A1-81DE-805E90792DC6}.Debug|Any CPU.ActiveCfg = Debug|Any CPU
		{0603DDE6-82BE-49A1-81DE-805E90792DC6}.Debug|Any CPU.Build.0 = Debug|Any CPU
		{0603DDE6-82BE-49A1-81DE-805E90792DC6}.Release|Any CPU.ActiveCfg = Release|Any CPU
		{0603DDE6-82BE-49A1-81DE-805E90792DC6}.Release|Any CPU.Build.0 = Release|Any CPU
		{B67AC13B-EA99-4E5D-A44A-EDE583EA953B}.Debug|Any CPU.ActiveCfg = Debug|Any CPU
		{B67AC13B-EA99-4E5D-A44A-EDE583EA953B}.Debug|Any CPU.Build.0 = Debug|Any CPU
		{B67AC13B-EA99-4E5D-A44A-EDE583EA953B}.Release|Any CPU.ActiveCfg = Release|Any CPU
		{B67AC13B-EA99-4E5D-A44A-EDE583EA953B}.Release|Any CPU.Build.0 = Release|Any CPU
		{DC2E200C-6B43-4F70-B11F-DB8A9357FC78}.Debug|Any CPU.ActiveCfg = Debug|Any CPU
		{DC2E200C-6B43-4F70-B11F-DB8A9357FC78}.Debug|Any CPU.Build.0 = Debug|Any CPU
		{DC2E200C-6B43-4F70-B11F-DB8A9357FC78}.Release|Any CPU.ActiveCfg = Release|Any CPU
		{DC2E200C-6B43-4F70-B11F-DB8A9357FC78}.Release|Any CPU.Build.0 = Release|Any CPU
		{3371F1D9-AE66-4FBD-9148-15637677E50C}.Debug|Any CPU.ActiveCfg = Debug|Any CPU
		{3371F1D9-AE66-4FBD-9148-15637677E50C}.Debug|Any CPU.Build.0 = Debug|Any CPU
		{3371F1D9-AE66-4FBD-9148-15637677E50C}.Release|Any CPU.ActiveCfg = Release|Any CPU
		{3371F1D9-AE66-4FBD-9148-15637677E50C}.Release|Any CPU.Build.0 = Release|Any CPU
	EndGlobalSection
	GlobalSection(SolutionProperties) = preSolution
		HideSolutionNode = FALSE
	EndGlobalSection
	GlobalSection(NestedProjects) = preSolution
		{AE85B8D9-08FE-4B00-952C-43401537E35A} = {DDB4EF12-CC4E-5E88-E6FC-71A802F4DE97}
		{8F21C7A9-587A-48F4-829A-0E333C6E73CB} = {FA025323-CF66-4CE6-9100-3576F5C29544}
		{66D5FF76-22ED-4236-9A96-25C55E21294A} = {FA025323-CF66-4CE6-9100-3576F5C29544}
		{C81764BA-A643-4BCF-9B29-BB50962661FE} = {FA025323-CF66-4CE6-9100-3576F5C29544}
		{FA025323-CF66-4CE6-9100-3576F5C29544} = {00DBAB36-A2F8-4515-A121-C1A913A8CD1E}
		{B172E40B-C286-45D9-8263-E83629C9A09E} = {7FEFC46A-50B0-4B6C-A8DD-5CCBFA867F9A}
		{A1B96F37-1552-4CA5-80B1-F67CE7DE1C89} = {7FEFC46A-50B0-4B6C-A8DD-5CCBFA867F9A}
		{8064340F-032E-4BF1-BB6D-B9D4131CCF75} = {00DBAB36-A2F8-4515-A121-C1A913A8CD1E}
		{3FFECA8F-BC9B-4C24-AA81-B7F6B8821015} = {8064340F-032E-4BF1-BB6D-B9D4131CCF75}
		{65CAFC32-EDDD-4C11-86F7-2672F258EB10} = {00DBAB36-A2F8-4515-A121-C1A913A8CD1E}
		{D5336D19-E841-4835-8E31-6B69C4AA6BE4} = {65CAFC32-EDDD-4C11-86F7-2672F258EB10}
		{B1F8B6B0-9033-4D04-B467-5C63803A72CE} = {5DBF3D4E-18DD-43EB-8EF7-DE9B8E5E7D3D}
		{5EC31086-E854-4751-803D-43CDD610860F} = {5DBF3D4E-18DD-43EB-8EF7-DE9B8E5E7D3D}
		{96057D6B-AD5C-4C2E-A251-81FEBBEE6B42} = {5EC31086-E854-4751-803D-43CDD610860F}
		{F1C1E473-FB29-4C47-A6DA-128834782591} = {5DBF3D4E-18DD-43EB-8EF7-DE9B8E5E7D3D}
		{3026868D-0A37-4A7F-99BA-8DBB53464079} = {5EC31086-E854-4751-803D-43CDD610860F}
		{3A95A141-AAD8-CCAB-6F75-1E63A7123829} = {2A09E7DE-4B30-4592-9E99-843AB4331AEC}
		{94DD345E-7CED-4741-C3E7-505B445CE161} = {2A09E7DE-4B30-4592-9E99-843AB4331AEC}
		{88E9ABAB-18F9-4D62-86F0-9519602D63F7} = {2A09E7DE-4B30-4592-9E99-843AB4331AEC}
		{2A3270C8-631C-498E-AA94-4EF826927462} = {88E9ABAB-18F9-4D62-86F0-9519602D63F7}
		{D3A2AD2A-186C-47A5-B0C4-46B3FB7AAE12} = {E463ADAA-E939-4CFE-B78B-F19CF4B996AC}
		{20F74B8E-13B5-438D-B27B-D722D459E526} = {27A7D3E5-F059-48A0-B997-94AB004CD9DB}
		{E5D24003-8EC3-4A11-816D-894430FCE2D4} = {20F74B8E-13B5-438D-B27B-D722D459E526}
		{A066218B-783D-4C00-A416-99DB2FB45301} = {27A7D3E5-F059-48A0-B997-94AB004CD9DB}
		{A4F7C34F-AA81-4235-845B-480154493FA1} = {27A7D3E5-F059-48A0-B997-94AB004CD9DB}
		{C78F49A2-F3DC-4705-9811-4F497C8CEE2B} = {20F74B8E-13B5-438D-B27B-D722D459E526}
		{47B412FE-80ED-493D-86C8-E32801E507FD} = {7E3BD886-C755-4292-B05F-DEA987B307A8}
		{0603DDE6-82BE-49A1-81DE-805E90792DC6} = {7E3BD886-C755-4292-B05F-DEA987B307A8}
		{B67AC13B-EA99-4E5D-A44A-EDE583EA953B} = {47B412FE-80ED-493D-86C8-E32801E507FD}
		{DC2E200C-6B43-4F70-B11F-DB8A9357FC78} = {47B412FE-80ED-493D-86C8-E32801E507FD}
		{3371F1D9-AE66-4FBD-9148-15637677E50C} = {47B412FE-80ED-493D-86C8-E32801E507FD}
	EndGlobalSection
	GlobalSection(ExtensibilityGlobals) = postSolution
		SolutionGuid = {272591D5-063F-49AB-8679-BAA2946B1211}
	EndGlobalSection
EndGlobal
