
Microsoft Visual Studio Solution File, Format Version 12.00
# Visual Studio Version 17
VisualStudioVersion = 17.13.35825.156
MinimumVisualStudioVersion = 10.0.40219.1
Project("{2150E333-8FDC-42A3-9474-1A3956D46DE8}") = "Chapter01", "Chapter01", "{DDB4EF12-CC4E-5E88-E6FC-71A802F4DE97}"
EndProject
Project("{FAE04EC0-301F-11D3-BF4B-00C04F79EFBC}") = "ProductSample", "Chapter01\ProductSample\ProductSample.csproj", "{AE85B8D9-08FE-4B00-952C-43401537E35A}"
EndProject
Project("{2150E333-8FDC-42A3-9474-1A3956D46DE8}") = "Chapter02", "Chapter02", "{00DBAB36-A2F8-4515-A121-C1A913A8CD1E}"
EndProject
Project("{FAE04EC0-301F-11D3-BF4B-00C04F79EFBC}") = "DistanceConverter", "Chapter02\DistanceConverter\DistanceConverter.csproj", "{8F21C7A9-587A-48F4-829A-0E333C6E73CB}"
EndProject
Project("{FAE04EC0-301F-11D3-BF4B-00C04F79EFBC}") = "Exercise02", "Chapter02\演習問題\Exercise02\Exercise02.csproj", "{66D5FF76-22ED-4236-9A96-25C55E21294A}"
EndProject
Project("{FAE04EC0-301F-11D3-BF4B-00C04F79EFBC}") = "Exercise022", "Chapter02\演習問題\Exercise02-2\Exercise02-2\Exercise022.csproj", "{C81764BA-A643-4BCF-9B29-BB50962661FE}"
EndProject
Project("{2150E333-8FDC-42A3-9474-1A3956D46DE8}") = "距離換算プログラム", "距離換算プログラム", "{FA025323-CF66-4CE6-9100-3576F5C29544}"
EndProject
Project("{2150E333-8FDC-42A3-9474-1A3956D46DE8}") = "FormApps", "FormApps", "{7FEFC46A-50B0-4B6C-A8DD-5CCBFA867F9A}"
EndProject
Project("{FAE04EC0-301F-11D3-BF4B-00C04F79EFBC}") = "UnitConverter", "FormApps\UnitConverter\UnitConverter.csproj", "{B172E40B-C286-45D9-8263-E83629C9A09E}"
EndProject
Project("{FAE04EC0-301F-11D3-BF4B-00C04F79EFBC}") = "StopWatch", "FormApps\StopWatch\StopWatch.csproj", "{A1B96F37-1552-4CA5-80B1-F67CE7DE1C89}"
EndProject
Project("{2150E333-8FDC-42A3-9474-1A3956D46DE8}") = "売上集計プログラム", "売上集計プログラム", "{8064340F-032E-4BF1-BB6D-B9D4131CCF75}"
EndProject
Project("{FAE04EC0-301F-11D3-BF4B-00C04F79EFBC}") = "SalesCalculator", "Chapter02\SalesCalculator\SalesCalculator.csproj", "{3FFECA8F-BC9B-4C24-AA81-B7F6B8821015}"
EndProject
Project("{2150E333-8FDC-42A3-9474-1A3956D46DE8}") = "演習問題", "演習問題", "{65CAFC32-EDDD-4C11-86F7-2672F258EB10}"
EndProject
Project("{FAE04EC0-301F-11D3-BF4B-00C04F79EFBC}") = "Exercise01", "Chapter02\演習問題\Exercise01\Exercise01.csproj", "{D5336D19-E841-4835-8E31-6B69C4AA6BE4}"
EndProject
Project("{2150E333-8FDC-42A3-9474-1A3956D46DE8}") = "Chapter03", "Chapter03", "{5DBF3D4E-18DD-43EB-8EF7-DE9B8E5E7D3D}"
EndProject
Project("{FAE04EC0-301F-11D3-BF4B-00C04F79EFBC}") = "Section01", "Chapter03\Section01\Section01.csproj", "{B1F8B6B0-9033-4D04-B467-5C63803A72CE}"
EndProject
Project("{2150E333-8FDC-42A3-9474-1A3956D46DE8}") = "演習問題", "演習問題", "{5EC31086-E854-4751-803D-43CDD610860F}"
EndProject
Project("{FAE04EC0-301F-11D3-BF4B-00C04F79EFBC}") = "Exercise02", "Chapter03\演習問題\Exercise02\Exercise02.csproj", "{96057D6B-AD5C-4C2E-A251-81FEBBEE6B42}"
EndProject
Project("{FAE04EC0-301F-11D3-BF4B-00C04F79EFBC}") = "Section04", "Chapter03\Section04\Section04.csproj", "{F1C1E473-FB29-4C47-A6DA-128834782591}"
EndProject
Project("{FAE04EC0-301F-11D3-BF4B-00C04F79EFBC}") = "Exercise01", "Chapter03\演習問題\Exercise01\Exercise01.csproj", "{3026868D-0A37-4A7F-99BA-8DBB53464079}"
EndProject
Project("{FAE04EC0-301F-11D3-BF4B-00C04F79EFBC}") = "Section04", "Chapter04\Section04\Section04.csproj", "{3A95A141-AAD8-CCAB-6F75-1E63A7123829}"
EndProject
Project("{FAE04EC0-301F-11D3-BF4B-00C04F79EFBC}") = "Exercise01", "Chapter04\演習問題\Exercise01\Exercise01.csproj", "{94DD345E-7CED-4741-C3E7-505B445CE161}"
EndProject
Project("{2150E333-8FDC-42A3-9474-1A3956D46DE8}") = "Chapter04", "Chapter04", "{2A09E7DE-4B30-4592-9E99-843AB4331AEC}"
EndProject
Project("{2150E333-8FDC-42A3-9474-1A3956D46DE8}") = "演習問題", "演習問題", "{88E9ABAB-18F9-4D62-86F0-9519602D63F7}"
EndProject
Project("{FAE04EC0-301F-11D3-BF4B-00C04F79EFBC}") = "Exercise02", "Chapter04\演習問題\Exercise02\Exercise02.csproj", "{2A3270C8-631C-498E-AA94-4EF826927462}"
EndProject
Project("{2150E333-8FDC-42A3-9474-1A3956D46DE8}") = "LINQ", "LINQ", "{E463ADAA-E939-4CFE-B78B-F19CF4B996AC}"
EndProject
Project("{FAE04EC0-301F-11D3-BF4B-00C04F79EFBC}") = "LINQSample", "LINQ\LINQSample\LINQSample.csproj", "{D3A2AD2A-186C-47A5-B0C4-46B3FB7AAE12}"
EndProject
Project("{2150E333-8FDC-42A3-9474-1A3956D46DE8}") = "Chapter06", "Chapter06", "{7E3BD886-C755-4292-B05F-DEA987B307A8}"
EndProject
Project("{2150E333-8FDC-42A3-9474-1A3956D46DE8}") = "Chapter07", "Chapter07", "{27A7D3E5-F059-48A0-B997-94AB004CD9DB}"
EndProject
Project("{2150E333-8FDC-42A3-9474-1A3956D46DE8}") = "演習問題", "演習問題", "{20F74B8E-13B5-438D-B27B-D722D459E526}"
EndProject
Project("{FAE04EC0-301F-11D3-BF4B-00C04F79EFBC}") = "Exercise01", "Chapter07\演習問題\Exercise01\Exercise01.csproj", "{E5D24003-8EC3-4A11-816D-894430FCE2D4}"
EndProject
Project("{FAE04EC0-301F-11D3-BF4B-00C04F79EFBC}") = "Section01", "Chapter07\Section01\Section01.csproj", "{A066218B-783D-4C00-A416-99DB2FB45301}"
EndProject
Project("{FAE04EC0-301F-11D3-BF4B-00C04F79EFBC}") = "Section05", "Chapter07\Section05\Section05.csproj", "{A4F7C34F-AA81-4235-845B-480154493FA1}"
EndProject
Project("{FAE04EC0-301F-11D3-BF4B-00C04F79EFBC}") = "Exercise02", "Chapter07\演習問題\Exercise02\Exercise02.csproj", "{C78F49A2-F3DC-4705-9811-4F497C8CEE2B}"
EndProject
Project("{2150E333-8FDC-42A3-9474-1A3956D46DE8}") = "Chapter05", "Chapter05", "{00862363-A515-4EF8-A357-A6345CD1984D}"
EndProject
Project("{2150E333-8FDC-42A3-9474-1A3956D46DE8}") = "演習問題", "演習問題", "{47B412FE-80ED-493D-86C8-E32801E507FD}"
EndProject
Project("{FAE04EC0-301F-11D3-BF4B-00C04F79EFBC}") = "Section01", "Chapter06\Section01\Section01.csproj", "{0603DDE6-82BE-49A1-81DE-805E90792DC6}"
EndProject
Project("{FAE04EC0-301F-11D3-BF4B-00C04F79EFBC}") = "Exercise01", "Chapter06\演習問題\Exercise01\Exercise01.csproj", "{B67AC13B-EA99-4E5D-A44A-EDE583EA953B}"
EndProject
Project("{FAE04EC0-301F-11D3-BF4B-00C04F79EFBC}") = "Exercise03", "Chapter06\演習問題\Exercise03\Exercise03.csproj", "{DC2E200C-6B43-4F70-B11F-DB8A9357FC78}"
EndProject
Project("{FAE04EC0-301F-11D3-BF4B-00C04F79EFBC}") = "Exercise04", "Chapter06\演習問題\Exercise04\Exercise04.csproj", "{3371F1D9-AE66-4FBD-9148-15637677E50C}"
EndProject
Project("{FAE04EC0-301F-11D3-BF4B-00C04F79EFBC}") = "Section03", "Chapter06\Section03\Section03.csproj", "{A9F27F92-5E13-4BF0-9599-ECB4B3C6D0E6}"
EndProject
Project("{FAE04EC0-301F-11D3-BF4B-00C04F79EFBC}") = "Section01", "Chapter05\Section01\Section01.csproj", "{7F68E828-70D6-4767-9FA5-8D1C171C358B}"
EndProject
Project("{2150E333-8FDC-42A3-9474-1A3956D46DE8}") = "演習問題", "演習問題", "{E39AF541-0629-4F48-8967-EE88B9517236}"
EndProject
Project("{FAE04EC0-301F-11D3-BF4B-00C04F79EFBC}") = "Section02", "Chapter05\Section02\Section02.csproj", "{9437AB04-6680-4AA9-91DF-D37C252E7EEE}"
EndProject
Project("{FAE04EC0-301F-11D3-BF4B-00C04F79EFBC}") = "Exercise01", "Chapter05\演習問題\Exercise01\Exercise01.csproj", "{8967FF11-F7FC-4168-B1CB-B8A81308062A}"
EndProject
Project("{2150E333-8FDC-42A3-9474-1A3956D46DE8}") = "Chapter08", "Chapter08", "{C7C6A207-FA03-4D4C-A1D0-607F32D40155}"
EndProject
Project("{2150E333-8FDC-42A3-9474-1A3956D46DE8}") = "演習問題", "演習問題", "{0FCF8A3C-16F9-40D3-B7C7-D270E4C82013}"
EndProject
Project("{FAE04EC0-301F-11D3-BF4B-00C04F79EFBC}") = "PrefCapitalLocationSystem", "Chapter08\Section01\PrefCapitalLocationSystem.csproj", "{D7A6C05C-9158-44E5-95A7-7C0CA85BAF91}"
EndProject
Project("{FAE04EC0-301F-11D3-BF4B-00C04F79EFBC}") = "Exercise01", "Chapter08\演習問題\Exercise01\Exercise01.csproj", "{7282B86F-CB72-4DE9-AE8A-01108D8D55C1}"
EndProject
Project("{FAE04EC0-301F-11D3-BF4B-00C04F79EFBC}") = "Section03", "Chapter08\Section03\Section03.csproj", "{B804FA85-9D5D-4D6B-B95C-3940D72E15D0}"
EndProject
Project("{FAE04EC0-301F-11D3-BF4B-00C04F79EFBC}") = "Exercise02", "Chapter08\演習問題\Exercise02\Exercise02.csproj", "{EF8A7920-990B-46B4-85DF-1701CC2886AB}"
EndProject
Project("{2150E333-8FDC-42A3-9474-1A3956D46DE8}") = "Test01", "Test01", "{5116E644-50C7-4109-9A16-453686863A63}"
EndProject
Project("{FAE04EC0-301F-11D3-BF4B-00C04F79EFBC}") = "Test01", "Test01\Test01\Test01.csproj", "{6EF7678A-A725-F430-3097-30F090C0100A}"
EndProject
Project("{FAE04EC0-301F-11D3-BF4B-00C04F79EFBC}") = "Test02", "Test01\Test02\Test02.csproj", "{010D0C11-D6A2-3CA6-3281-4E0FD547EC2D}"
EndProject
Project("{2150E333-8FDC-42A3-9474-1A3956D46DE8}") = "Chapter09", "Chapter09", "{C939F66D-1E4C-49AF-8218-58AAE14422F6}"
EndProject
Project("{FAE04EC0-301F-11D3-BF4B-00C04F79EFBC}") = "Section01", "Chapter09\Section01\Section01.csproj", "{041535E7-4298-46D4-B339-77A2DB4B9307}"
EndProject
Project("{2150E333-8FDC-42A3-9474-1A3956D46DE8}") = "演習問題", "演習問題", "{E1297F53-D94F-4AFA-8369-1CC16F8A28D4}"
EndProject
Project("{FAE04EC0-301F-11D3-BF4B-00C04F79EFBC}") = "Exercise01", "Chapter09\演習問題\Exercise01\Exercise01.csproj", "{9F0CE3ED-1D61-4CCF-8396-A1C33BC605C4}"
EndProject
Project("{FAE04EC0-301F-11D3-BF4B-00C04F79EFBC}") = "Exercise02", "Chapter09\演習問題\Exercise02\Exercise02.csproj", "{C160382E-67AD-4D84-8A40-B9B165D33565}"
EndProject
Project("{FAE04EC0-301F-11D3-BF4B-00C04F79EFBC}") = "Exercise03", "Chapter09\演習問題\Exercise03\Exercise03.csproj", "{925CCC30-18F6-4E98-B632-94D8998D2B54}"
EndProject
Project("{FAE04EC0-301F-11D3-BF4B-00C04F79EFBC}") = "CarReportSystem", "FormApps\CarReportSystem\CarReportSystem.csproj", "{FBA28DA2-C892-4249-878E-377BA01686A7}"
EndProject
Project("{2150E333-8FDC-42A3-9474-1A3956D46DE8}") = "Chapter12", "Chapter12", "{CA33C070-2B0D-4DCA-A58B-CE7138DC7C64}"
EndProject
Project("{2150E333-8FDC-42A3-9474-1A3956D46DE8}") = "演習問題", "演習問題", "{1CAD1F0A-67FB-47AE-B284-AD3876141592}"
EndProject
Project("{FAE04EC0-301F-11D3-BF4B-00C04F79EFBC}") = "Section01", "Chapter12\Section01\Section01.csproj", "{B7803731-9077-41D8-AB0D-EBC766AFA9DE}"
EndProject
Project("{FAE04EC0-301F-11D3-BF4B-00C04F79EFBC}") = "Exercise01", "Chapter12\演習問題\Exercise01\Exercise01.csproj", "{43A6F0B0-DB71-4D82-B86B-01E2C42D8405}"
EndProject
Project("{FAE04EC0-301F-11D3-BF4B-00C04F79EFBC}") = "Exercise02", "Chapter12\演習問題\Exercise02\Exercise02.csproj", "{F01C3B69-9D05-4BEF-26EB-57BAD926097B}"
EndProject
Project("{FAE04EC0-301F-11D3-BF4B-00C04F79EFBC}") = "Exercise03", "Chapter12\演習問題\Exercise03\Exercise03.csproj", "{414DFFD5-4A0F-DD91-933A-D9585859A325}"
EndProject
Project("{FAE04EC0-301F-11D3-BF4B-00C04F79EFBC}") = "RssReader", "FormApps\RssReader\RssReader\RssReader.csproj", "{6256525D-45AC-4C76-9234-D5F7056B4431}"
EndProject
Project("{2150E333-8FDC-42A3-9474-1A3956D46DE8}") = "Chapter11", "Chapter11", "{C85CE3CF-2399-4A7E-94F8-F1CA672E5C05}"
EndProject
Project("{FAE04EC0-301F-11D3-BF4B-00C04F79EFBC}") = "Section01", "Chapter11\Section01\Section01.csproj", "{D5956CC8-FF88-41DD-B75F-BEE3E7ADBC2B}"
EndProject
Project("{2150E333-8FDC-42A3-9474-1A3956D46DE8}") = "演習問題", "演習問題", "{9ABEE7B2-1576-4802-A551-326DE2CC20D4}"
EndProject
Project("{FAE04EC0-301F-11D3-BF4B-00C04F79EFBC}") = "Exercise01", "Chapter11\演習問題\Exercise01\Exercise01.csproj", "{B3F3FE81-4330-0B4C-2412-6F395A20D39D}"
EndProject
Project("{FAE04EC0-301F-11D3-BF4B-00C04F79EFBC}") = "Section02", "Chapter11\Section02\Section02.csproj", "{3E053ACC-1798-4704-B171-8365224BC178}"
EndProject
Project("{FAE04EC0-301F-11D3-BF4B-00C04F79EFBC}") = "Section03", "Chapter11\Section03\Section03.csproj", "{93726B18-3415-433B-9467-F67B2BBB026B}"
EndProject
Project("{FAE04EC0-301F-11D3-BF4B-00C04F79EFBC}") = "Exercise02", "Chapter11\演習問題\Exercise02\Exercise02.csproj", "{3F3CABB3-E67F-D927-7417-80D1CBAF004A}"
EndProject
Project("{FAE04EC0-301F-11D3-BF4B-00C04F79EFBC}") = "Exercise03", "Chapter11\演習問題\Exercise03\Exercise03.csproj", "{BC318D9B-FCF6-466F-8E11-116BF8ADA2FD}"
EndProject
Project("{FAE04EC0-301F-11D3-BF4B-00C04F79EFBC}") = "Section04", "Chapter11\Section04\Section04.csproj", "{711CE997-C630-403E-B0BA-DF9A733ADE48}"
EndProject
Project("{FAE04EC0-301F-11D3-BF4B-00C04F79EFBC}") = "Exercise04", "Chapter11\演習問題\Exercise04\Exercise04.csproj", "{D6844E6C-6917-4991-94EB-537FB3A341AF}"
EndProject
Project("{FAE04EC0-301F-11D3-BF4B-00C04F79EFBC}") = "Exercise05", "Chapter11\演習問題\Exercise05\Exercise05.csproj", "{69EF54C5-9A4E-4D1A-9C17-C7DC5FE00651}"
EndProject
Project("{2150E333-8FDC-42A3-9474-1A3956D46DE8}") = "WPF", "WPF", "{566892B1-D11D-4BDD-ACC0-28D947BAF7B4}"
EndProject
Project("{FAE04EC0-301F-11D3-BF4B-00C04F79EFBC}") = "SampleApplication", "WPF\SampleApplication\SampleApplication.csproj", "{D083F21D-46B9-4679-BEB6-168C9E94A752}"
EndProject
Project("{FAE04EC0-301F-11D3-BF4B-00C04F79EFBC}") = "SampleSlider", "WPF\SampleSlider\SampleSlider.csproj", "{CBFF415A-DCE6-47ED-9910-1AC6FD0D200F}"
EndProject
Project("{FAE04EC0-301F-11D3-BF4B-00C04F79EFBC}") = "ColorChecker", "WPF\ColorChecker\ColorChecker.csproj", "{202C008B-EC0A-416F-B83A-4769A9B73AB5}"
EndProject
Project("{FAE04EC0-301F-11D3-BF4B-00C04F79EFBC}") = "ConverterApp", "WPF\ConverterApp\ConverterApp.csproj", "{93C6FCB1-437F-4267-9FFB-8D128591571E}"
EndProject
Project("{FAE04EC0-301F-11D3-BF4B-00C04F79EFBC}") = "HelloWorld", "WPF\HelloWorld\HelloWorld.csproj", "{F2F8CD49-EE52-4C8B-BA4D-E61950BD66B5}"
EndProject
Project("{FAE04EC0-301F-11D3-BF4B-00C04F79EFBC}") = "PrismObserversSample", "WPF\PrismObserversSample\PrismObserversSample.csproj", "{72504158-40FA-4B0F-AE0F-6CB92BD67E3A}"
EndProject
Project("{FAE04EC0-301F-11D3-BF4B-00C04F79EFBC}") = "SampleUnitConverter", "WPF\SampleUnitConverter\SampleUnitConverter.csproj", "{8C032173-DE35-49EC-B389-2B50469F3609}"
EndProject
Project("{2150E333-8FDC-42A3-9474-1A3956D46DE8}") = "SQLite", "SQLite", "{815EE7D3-A7E1-4307-BCD0-9F458BEF836D}"
EndProject
Project("{FAE04EC0-301F-11D3-BF4B-00C04F79EFBC}") = "Sample", "SQLite\Sample\Sample.csproj", "{BF9697B3-9C57-4009-8FA1-48C9ED5B7F55}"
EndProject
Project("{FAE04EC0-301F-11D3-BF4B-00C04F79EFBC}") = "CustomerApp", "CustomerApp\CustomerApp.csproj", "{763B95EC-AA55-4F87-8235-AD46AC37E813}"
EndProject
Project("{2150E333-8FDC-42A3-9474-1A3956D46DE8}") = "Chapter13", "Chapter13", "{58EC977B-A432-48AA-820B-3F9FDC9D9939}"
EndProject
Project("{FAE04EC0-301F-11D3-BF4B-00C04F79EFBC}") = "Section01", "Chapter13\Section01\Section01.csproj", "{349F0C7E-12C1-4749-B252-A57DF3A4A0B9}"
EndProject
Project("{FAE04EC0-301F-11D3-BF4B-00C04F79EFBC}") = "Exercise01", "Chapter13\Exercise01\Exercise01.csproj", "{4EC786C1-0785-47C0-A2A5-EB3FFCF260A2}"
EndProject
Project("{2150E333-8FDC-42A3-9474-1A3956D46DE8}") = "Chapter14", "Chapter14", "{A23E64D5-C1CA-43DA-828C-2EAD108F42BB}"
EndProject
Project("{FAE04EC0-301F-11D3-BF4B-00C04F79EFBC}") = "Section03", "Chapter14\Section03\Section03.csproj", "{4CA75F73-DDEE-43D0-BE1F-868A83D3B3C1}"
EndProject
Project("{2150E333-8FDC-42A3-9474-1A3956D46DE8}") = "演習問題", "演習問題", "{FEAE70BD-08B4-42CB-BDB6-050370256BCE}"
EndProject
Project("{FAE04EC0-301F-11D3-BF4B-00C04F79EFBC}") = "Exercise01", "Chapter14\演習問題\Exercise01\Exercise01.csproj", "{CFB4C738-A962-410A-B378-77BAF9352FD7}"
EndProject
Project("{FAE04EC0-301F-11D3-BF4B-00C04F79EFBC}") = "Section04", "Chapter14\Section04\Section04.csproj", "{5EF4945C-4186-4661-B516-E52EAEEDDDB0}"
EndProject
Project("{FAE04EC0-301F-11D3-BF4B-00C04F79EFBC}") = "WebBrowser", "Chapter14\WebBrowser\WebBrowser.csproj", "{6742A757-EBDA-48EE-AEDD-F82518DD78DB}"
EndProject
Project("{FAE04EC0-301F-11D3-BF4B-00C04F79EFBC}") = "Section05", "Chapter14\Section05\Section05.csproj", "{BACCC783-8128-4409-BDB3-C191E1056E7D}"
EndProject
Project("{2150E333-8FDC-42A3-9474-1A3956D46DE8}") = "Chapter10", "Chapter10", "{BF41EA58-CFB6-483C-91B8-550190CA0CAE}"
EndProject
Project("{FAE04EC0-301F-11D3-BF4B-00C04F79EFBC}") = "Section01", "Chapter10\Section01\Section01.csproj", "{E0FB20DE-D252-406E-9508-B319C10AB393}"
EndProject
Project("{2150E333-8FDC-42A3-9474-1A3956D46DE8}") = "演習問題", "演習問題", "{E1FED199-151D-40E4-8E2A-86AE88EBDFE1}"
EndProject
Project("{FAE04EC0-301F-11D3-BF4B-00C04F79EFBC}") = "Exercise01", "Chapter10\演習問題\Exercise01\Exercise01.csproj", "{B706E70C-5038-4058-A385-B6100954927E}"
EndProject
Project("{2150E333-8FDC-42A3-9474-1A3956D46DE8}") = "Chapter15", "Chapter15", "{07DD71A8-17B7-4EAE-AAA2-9D954761323F}"
EndProject
Project("{2150E333-8FDC-42A3-9474-1A3956D46DE8}") = "演習問題", "演習問題", "{AA2760AD-5CBF-4128-B908-0F587683AB47}"
EndProject
Project("{FAE04EC0-301F-11D3-BF4B-00C04F79EFBC}") = "Section01", "Chapter15\Section01\Section01.csproj", "{07E71F63-EF54-4F6F-8DCE-61BDF0510499}"
EndProject
Project("{2150E333-8FDC-42A3-9474-1A3956D46DE8}") = "Solution Items", "Solution Items", "{07AE48AB-8C77-4B75-B7DB-20DCF5F836D7}"
	ProjectSection(SolutionItems) = preProject
		.editorconfig = .editorconfig
	EndProjectSection
EndProject
Project("{2150E333-8FDC-42A3-9474-1A3956D46DE8}") = "TemplateMethod", "TemplateMethod", "{94DCA81B-CC69-423F-901E-4F9165C1EC5D}"
EndProject
Project("{FAE04EC0-301F-11D3-BF4B-00C04F79EFBC}") = "TextFileProcessor", "Chapter15\TemplateMethod\TextFileProcessor\TextFileProcessor.csproj", "{455C2660-6FFE-479B-9021-7E5F12E078BC}"
EndProject
Project("{FAE04EC0-301F-11D3-BF4B-00C04F79EFBC}") = "LineCounter", "Chapter15\TemplateMethod\LineCounter\LineCounter.csproj", "{56E976CB-6017-41C0-A583-CB1CC86CE883}"
EndProject
Global
	GlobalSection(SolutionConfigurationPlatforms) = preSolution
		Debug|Any CPU = Debug|Any CPU
		Release|Any CPU = Release|Any CPU
	EndGlobalSection
	GlobalSection(ProjectConfigurationPlatforms) = postSolution
		{AE85B8D9-08FE-4B00-952C-43401537E35A}.Debug|Any CPU.ActiveCfg = Debug|Any CPU
		{AE85B8D9-08FE-4B00-952C-43401537E35A}.Debug|Any CPU.Build.0 = Debug|Any CPU
		{AE85B8D9-08FE-4B00-952C-43401537E35A}.Release|Any CPU.ActiveCfg = Release|Any CPU
		{AE85B8D9-08FE-4B00-952C-43401537E35A}.Release|Any CPU.Build.0 = Release|Any CPU
		{8F21C7A9-587A-48F4-829A-0E333C6E73CB}.Debug|Any CPU.ActiveCfg = Debug|Any CPU
		{8F21C7A9-587A-48F4-829A-0E333C6E73CB}.Debug|Any CPU.Build.0 = Debug|Any CPU
		{8F21C7A9-587A-48F4-829A-0E333C6E73CB}.Release|Any CPU.ActiveCfg = Release|Any CPU
		{8F21C7A9-587A-48F4-829A-0E333C6E73CB}.Release|Any CPU.Build.0 = Release|Any CPU
		{66D5FF76-22ED-4236-9A96-25C55E21294A}.Debug|Any CPU.ActiveCfg = Debug|Any CPU
		{66D5FF76-22ED-4236-9A96-25C55E21294A}.Debug|Any CPU.Build.0 = Debug|Any CPU
		{66D5FF76-22ED-4236-9A96-25C55E21294A}.Release|Any CPU.ActiveCfg = Release|Any CPU
		{66D5FF76-22ED-4236-9A96-25C55E21294A}.Release|Any CPU.Build.0 = Release|Any CPU
		{C81764BA-A643-4BCF-9B29-BB50962661FE}.Debug|Any CPU.ActiveCfg = Debug|Any CPU
		{C81764BA-A643-4BCF-9B29-BB50962661FE}.Debug|Any CPU.Build.0 = Debug|Any CPU
		{C81764BA-A643-4BCF-9B29-BB50962661FE}.Release|Any CPU.ActiveCfg = Release|Any CPU
		{C81764BA-A643-4BCF-9B29-BB50962661FE}.Release|Any CPU.Build.0 = Release|Any CPU
		{B172E40B-C286-45D9-8263-E83629C9A09E}.Debug|Any CPU.ActiveCfg = Debug|Any CPU
		{B172E40B-C286-45D9-8263-E83629C9A09E}.Debug|Any CPU.Build.0 = Debug|Any CPU
		{B172E40B-C286-45D9-8263-E83629C9A09E}.Release|Any CPU.ActiveCfg = Release|Any CPU
		{B172E40B-C286-45D9-8263-E83629C9A09E}.Release|Any CPU.Build.0 = Release|Any CPU
		{A1B96F37-1552-4CA5-80B1-F67CE7DE1C89}.Debug|Any CPU.ActiveCfg = Debug|Any CPU
		{A1B96F37-1552-4CA5-80B1-F67CE7DE1C89}.Debug|Any CPU.Build.0 = Debug|Any CPU
		{A1B96F37-1552-4CA5-80B1-F67CE7DE1C89}.Release|Any CPU.ActiveCfg = Release|Any CPU
		{A1B96F37-1552-4CA5-80B1-F67CE7DE1C89}.Release|Any CPU.Build.0 = Release|Any CPU
		{3FFECA8F-BC9B-4C24-AA81-B7F6B8821015}.Debug|Any CPU.ActiveCfg = Debug|Any CPU
		{3FFECA8F-BC9B-4C24-AA81-B7F6B8821015}.Debug|Any CPU.Build.0 = Debug|Any CPU
		{3FFECA8F-BC9B-4C24-AA81-B7F6B8821015}.Release|Any CPU.ActiveCfg = Release|Any CPU
		{3FFECA8F-BC9B-4C24-AA81-B7F6B8821015}.Release|Any CPU.Build.0 = Release|Any CPU
		{D5336D19-E841-4835-8E31-6B69C4AA6BE4}.Debug|Any CPU.ActiveCfg = Debug|Any CPU
		{D5336D19-E841-4835-8E31-6B69C4AA6BE4}.Debug|Any CPU.Build.0 = Debug|Any CPU
		{D5336D19-E841-4835-8E31-6B69C4AA6BE4}.Release|Any CPU.ActiveCfg = Release|Any CPU
		{D5336D19-E841-4835-8E31-6B69C4AA6BE4}.Release|Any CPU.Build.0 = Release|Any CPU
		{B1F8B6B0-9033-4D04-B467-5C63803A72CE}.Debug|Any CPU.ActiveCfg = Debug|Any CPU
		{B1F8B6B0-9033-4D04-B467-5C63803A72CE}.Debug|Any CPU.Build.0 = Debug|Any CPU
		{B1F8B6B0-9033-4D04-B467-5C63803A72CE}.Release|Any CPU.ActiveCfg = Release|Any CPU
		{B1F8B6B0-9033-4D04-B467-5C63803A72CE}.Release|Any CPU.Build.0 = Release|Any CPU
		{96057D6B-AD5C-4C2E-A251-81FEBBEE6B42}.Debug|Any CPU.ActiveCfg = Debug|Any CPU
		{96057D6B-AD5C-4C2E-A251-81FEBBEE6B42}.Debug|Any CPU.Build.0 = Debug|Any CPU
		{96057D6B-AD5C-4C2E-A251-81FEBBEE6B42}.Release|Any CPU.ActiveCfg = Release|Any CPU
		{96057D6B-AD5C-4C2E-A251-81FEBBEE6B42}.Release|Any CPU.Build.0 = Release|Any CPU
		{F1C1E473-FB29-4C47-A6DA-128834782591}.Debug|Any CPU.ActiveCfg = Debug|Any CPU
		{F1C1E473-FB29-4C47-A6DA-128834782591}.Debug|Any CPU.Build.0 = Debug|Any CPU
		{F1C1E473-FB29-4C47-A6DA-128834782591}.Release|Any CPU.ActiveCfg = Release|Any CPU
		{F1C1E473-FB29-4C47-A6DA-128834782591}.Release|Any CPU.Build.0 = Release|Any CPU
		{3026868D-0A37-4A7F-99BA-8DBB53464079}.Debug|Any CPU.ActiveCfg = Debug|Any CPU
		{3026868D-0A37-4A7F-99BA-8DBB53464079}.Debug|Any CPU.Build.0 = Debug|Any CPU
		{3026868D-0A37-4A7F-99BA-8DBB53464079}.Release|Any CPU.ActiveCfg = Release|Any CPU
		{3026868D-0A37-4A7F-99BA-8DBB53464079}.Release|Any CPU.Build.0 = Release|Any CPU
		{3A95A141-AAD8-CCAB-6F75-1E63A7123829}.Debug|Any CPU.ActiveCfg = Debug|Any CPU
		{3A95A141-AAD8-CCAB-6F75-1E63A7123829}.Debug|Any CPU.Build.0 = Debug|Any CPU
		{3A95A141-AAD8-CCAB-6F75-1E63A7123829}.Release|Any CPU.ActiveCfg = Release|Any CPU
		{3A95A141-AAD8-CCAB-6F75-1E63A7123829}.Release|Any CPU.Build.0 = Release|Any CPU
		{94DD345E-7CED-4741-C3E7-505B445CE161}.Debug|Any CPU.ActiveCfg = Debug|Any CPU
		{94DD345E-7CED-4741-C3E7-505B445CE161}.Debug|Any CPU.Build.0 = Debug|Any CPU
		{94DD345E-7CED-4741-C3E7-505B445CE161}.Release|Any CPU.ActiveCfg = Release|Any CPU
		{94DD345E-7CED-4741-C3E7-505B445CE161}.Release|Any CPU.Build.0 = Release|Any CPU
		{2A3270C8-631C-498E-AA94-4EF826927462}.Debug|Any CPU.ActiveCfg = Debug|Any CPU
		{2A3270C8-631C-498E-AA94-4EF826927462}.Debug|Any CPU.Build.0 = Debug|Any CPU
		{2A3270C8-631C-498E-AA94-4EF826927462}.Release|Any CPU.ActiveCfg = Release|Any CPU
		{2A3270C8-631C-498E-AA94-4EF826927462}.Release|Any CPU.Build.0 = Release|Any CPU
		{D3A2AD2A-186C-47A5-B0C4-46B3FB7AAE12}.Debug|Any CPU.ActiveCfg = Debug|Any CPU
		{D3A2AD2A-186C-47A5-B0C4-46B3FB7AAE12}.Debug|Any CPU.Build.0 = Debug|Any CPU
		{D3A2AD2A-186C-47A5-B0C4-46B3FB7AAE12}.Release|Any CPU.ActiveCfg = Release|Any CPU
		{D3A2AD2A-186C-47A5-B0C4-46B3FB7AAE12}.Release|Any CPU.Build.0 = Release|Any CPU
		{E5D24003-8EC3-4A11-816D-894430FCE2D4}.Debug|Any CPU.ActiveCfg = Debug|Any CPU
		{E5D24003-8EC3-4A11-816D-894430FCE2D4}.Debug|Any CPU.Build.0 = Debug|Any CPU
		{E5D24003-8EC3-4A11-816D-894430FCE2D4}.Release|Any CPU.ActiveCfg = Release|Any CPU
		{E5D24003-8EC3-4A11-816D-894430FCE2D4}.Release|Any CPU.Build.0 = Release|Any CPU
		{A066218B-783D-4C00-A416-99DB2FB45301}.Debug|Any CPU.ActiveCfg = Debug|Any CPU
		{A066218B-783D-4C00-A416-99DB2FB45301}.Debug|Any CPU.Build.0 = Debug|Any CPU
		{A066218B-783D-4C00-A416-99DB2FB45301}.Release|Any CPU.ActiveCfg = Release|Any CPU
		{A066218B-783D-4C00-A416-99DB2FB45301}.Release|Any CPU.Build.0 = Release|Any CPU
		{A4F7C34F-AA81-4235-845B-480154493FA1}.Debug|Any CPU.ActiveCfg = Debug|Any CPU
		{A4F7C34F-AA81-4235-845B-480154493FA1}.Debug|Any CPU.Build.0 = Debug|Any CPU
		{A4F7C34F-AA81-4235-845B-480154493FA1}.Release|Any CPU.ActiveCfg = Release|Any CPU
		{A4F7C34F-AA81-4235-845B-480154493FA1}.Release|Any CPU.Build.0 = Release|Any CPU
		{C78F49A2-F3DC-4705-9811-4F497C8CEE2B}.Debug|Any CPU.ActiveCfg = Debug|Any CPU
		{C78F49A2-F3DC-4705-9811-4F497C8CEE2B}.Debug|Any CPU.Build.0 = Debug|Any CPU
		{C78F49A2-F3DC-4705-9811-4F497C8CEE2B}.Release|Any CPU.ActiveCfg = Release|Any CPU
		{C78F49A2-F3DC-4705-9811-4F497C8CEE2B}.Release|Any CPU.Build.0 = Release|Any CPU
		{0603DDE6-82BE-49A1-81DE-805E90792DC6}.Debug|Any CPU.ActiveCfg = Debug|Any CPU
		{0603DDE6-82BE-49A1-81DE-805E90792DC6}.Debug|Any CPU.Build.0 = Debug|Any CPU
		{0603DDE6-82BE-49A1-81DE-805E90792DC6}.Release|Any CPU.ActiveCfg = Release|Any CPU
		{0603DDE6-82BE-49A1-81DE-805E90792DC6}.Release|Any CPU.Build.0 = Release|Any CPU
		{B67AC13B-EA99-4E5D-A44A-EDE583EA953B}.Debug|Any CPU.ActiveCfg = Debug|Any CPU
		{B67AC13B-EA99-4E5D-A44A-EDE583EA953B}.Debug|Any CPU.Build.0 = Debug|Any CPU
		{B67AC13B-EA99-4E5D-A44A-EDE583EA953B}.Release|Any CPU.ActiveCfg = Release|Any CPU
		{B67AC13B-EA99-4E5D-A44A-EDE583EA953B}.Release|Any CPU.Build.0 = Release|Any CPU
		{DC2E200C-6B43-4F70-B11F-DB8A9357FC78}.Debug|Any CPU.ActiveCfg = Debug|Any CPU
		{DC2E200C-6B43-4F70-B11F-DB8A9357FC78}.Debug|Any CPU.Build.0 = Debug|Any CPU
		{DC2E200C-6B43-4F70-B11F-DB8A9357FC78}.Release|Any CPU.ActiveCfg = Release|Any CPU
		{DC2E200C-6B43-4F70-B11F-DB8A9357FC78}.Release|Any CPU.Build.0 = Release|Any CPU
		{3371F1D9-AE66-4FBD-9148-15637677E50C}.Debug|Any CPU.ActiveCfg = Debug|Any CPU
		{3371F1D9-AE66-4FBD-9148-15637677E50C}.Debug|Any CPU.Build.0 = Debug|Any CPU
		{3371F1D9-AE66-4FBD-9148-15637677E50C}.Release|Any CPU.ActiveCfg = Release|Any CPU
		{3371F1D9-AE66-4FBD-9148-15637677E50C}.Release|Any CPU.Build.0 = Release|Any CPU
		{A9F27F92-5E13-4BF0-9599-ECB4B3C6D0E6}.Debug|Any CPU.ActiveCfg = Debug|Any CPU
		{A9F27F92-5E13-4BF0-9599-ECB4B3C6D0E6}.Debug|Any CPU.Build.0 = Debug|Any CPU
		{A9F27F92-5E13-4BF0-9599-ECB4B3C6D0E6}.Release|Any CPU.ActiveCfg = Release|Any CPU
		{A9F27F92-5E13-4BF0-9599-ECB4B3C6D0E6}.Release|Any CPU.Build.0 = Release|Any CPU
		{7F68E828-70D6-4767-9FA5-8D1C171C358B}.Debug|Any CPU.ActiveCfg = Debug|Any CPU
		{7F68E828-70D6-4767-9FA5-8D1C171C358B}.Debug|Any CPU.Build.0 = Debug|Any CPU
		{7F68E828-70D6-4767-9FA5-8D1C171C358B}.Release|Any CPU.ActiveCfg = Release|Any CPU
		{7F68E828-70D6-4767-9FA5-8D1C171C358B}.Release|Any CPU.Build.0 = Release|Any CPU
		{9437AB04-6680-4AA9-91DF-D37C252E7EEE}.Debug|Any CPU.ActiveCfg = Debug|Any CPU
		{9437AB04-6680-4AA9-91DF-D37C252E7EEE}.Debug|Any CPU.Build.0 = Debug|Any CPU
		{9437AB04-6680-4AA9-91DF-D37C252E7EEE}.Release|Any CPU.ActiveCfg = Release|Any CPU
		{9437AB04-6680-4AA9-91DF-D37C252E7EEE}.Release|Any CPU.Build.0 = Release|Any CPU
		{8967FF11-F7FC-4168-B1CB-B8A81308062A}.Debug|Any CPU.ActiveCfg = Debug|Any CPU
		{8967FF11-F7FC-4168-B1CB-B8A81308062A}.Debug|Any CPU.Build.0 = Debug|Any CPU
		{8967FF11-F7FC-4168-B1CB-B8A81308062A}.Release|Any CPU.ActiveCfg = Release|Any CPU
		{8967FF11-F7FC-4168-B1CB-B8A81308062A}.Release|Any CPU.Build.0 = Release|Any CPU
		{D7A6C05C-9158-44E5-95A7-7C0CA85BAF91}.Debug|Any CPU.ActiveCfg = Debug|Any CPU
		{D7A6C05C-9158-44E5-95A7-7C0CA85BAF91}.Debug|Any CPU.Build.0 = Debug|Any CPU
		{D7A6C05C-9158-44E5-95A7-7C0CA85BAF91}.Release|Any CPU.ActiveCfg = Release|Any CPU
		{D7A6C05C-9158-44E5-95A7-7C0CA85BAF91}.Release|Any CPU.Build.0 = Release|Any CPU
		{7282B86F-CB72-4DE9-AE8A-01108D8D55C1}.Debug|Any CPU.ActiveCfg = Debug|Any CPU
		{7282B86F-CB72-4DE9-AE8A-01108D8D55C1}.Debug|Any CPU.Build.0 = Debug|Any CPU
		{7282B86F-CB72-4DE9-AE8A-01108D8D55C1}.Release|Any CPU.ActiveCfg = Release|Any CPU
		{7282B86F-CB72-4DE9-AE8A-01108D8D55C1}.Release|Any CPU.Build.0 = Release|Any CPU
		{B804FA85-9D5D-4D6B-B95C-3940D72E15D0}.Debug|Any CPU.ActiveCfg = Debug|Any CPU
		{B804FA85-9D5D-4D6B-B95C-3940D72E15D0}.Debug|Any CPU.Build.0 = Debug|Any CPU
		{B804FA85-9D5D-4D6B-B95C-3940D72E15D0}.Release|Any CPU.ActiveCfg = Release|Any CPU
		{B804FA85-9D5D-4D6B-B95C-3940D72E15D0}.Release|Any CPU.Build.0 = Release|Any CPU
		{EF8A7920-990B-46B4-85DF-1701CC2886AB}.Debug|Any CPU.ActiveCfg = Debug|Any CPU
		{EF8A7920-990B-46B4-85DF-1701CC2886AB}.Debug|Any CPU.Build.0 = Debug|Any CPU
		{EF8A7920-990B-46B4-85DF-1701CC2886AB}.Release|Any CPU.ActiveCfg = Release|Any CPU
		{EF8A7920-990B-46B4-85DF-1701CC2886AB}.Release|Any CPU.Build.0 = Release|Any CPU
		{6EF7678A-A725-F430-3097-30F090C0100A}.Debug|Any CPU.ActiveCfg = Debug|Any CPU
		{6EF7678A-A725-F430-3097-30F090C0100A}.Debug|Any CPU.Build.0 = Debug|Any CPU
		{6EF7678A-A725-F430-3097-30F090C0100A}.Release|Any CPU.ActiveCfg = Release|Any CPU
		{6EF7678A-A725-F430-3097-30F090C0100A}.Release|Any CPU.Build.0 = Release|Any CPU
		{010D0C11-D6A2-3CA6-3281-4E0FD547EC2D}.Debug|Any CPU.ActiveCfg = Debug|Any CPU
		{010D0C11-D6A2-3CA6-3281-4E0FD547EC2D}.Debug|Any CPU.Build.0 = Debug|Any CPU
		{010D0C11-D6A2-3CA6-3281-4E0FD547EC2D}.Release|Any CPU.ActiveCfg = Release|Any CPU
		{010D0C11-D6A2-3CA6-3281-4E0FD547EC2D}.Release|Any CPU.Build.0 = Release|Any CPU
		{041535E7-4298-46D4-B339-77A2DB4B9307}.Debug|Any CPU.ActiveCfg = Debug|Any CPU
		{041535E7-4298-46D4-B339-77A2DB4B9307}.Debug|Any CPU.Build.0 = Debug|Any CPU
		{041535E7-4298-46D4-B339-77A2DB4B9307}.Release|Any CPU.ActiveCfg = Release|Any CPU
		{041535E7-4298-46D4-B339-77A2DB4B9307}.Release|Any CPU.Build.0 = Release|Any CPU
		{9F0CE3ED-1D61-4CCF-8396-A1C33BC605C4}.Debug|Any CPU.ActiveCfg = Debug|Any CPU
		{9F0CE3ED-1D61-4CCF-8396-A1C33BC605C4}.Debug|Any CPU.Build.0 = Debug|Any CPU
		{9F0CE3ED-1D61-4CCF-8396-A1C33BC605C4}.Release|Any CPU.ActiveCfg = Release|Any CPU
		{9F0CE3ED-1D61-4CCF-8396-A1C33BC605C4}.Release|Any CPU.Build.0 = Release|Any CPU
		{C160382E-67AD-4D84-8A40-B9B165D33565}.Debug|Any CPU.ActiveCfg = Debug|Any CPU
		{C160382E-67AD-4D84-8A40-B9B165D33565}.Debug|Any CPU.Build.0 = Debug|Any CPU
		{C160382E-67AD-4D84-8A40-B9B165D33565}.Release|Any CPU.ActiveCfg = Release|Any CPU
		{C160382E-67AD-4D84-8A40-B9B165D33565}.Release|Any CPU.Build.0 = Release|Any CPU
		{925CCC30-18F6-4E98-B632-94D8998D2B54}.Debug|Any CPU.ActiveCfg = Debug|Any CPU
		{925CCC30-18F6-4E98-B632-94D8998D2B54}.Debug|Any CPU.Build.0 = Debug|Any CPU
		{925CCC30-18F6-4E98-B632-94D8998D2B54}.Release|Any CPU.ActiveCfg = Release|Any CPU
		{925CCC30-18F6-4E98-B632-94D8998D2B54}.Release|Any CPU.Build.0 = Release|Any CPU
		{FBA28DA2-C892-4249-878E-377BA01686A7}.Debug|Any CPU.ActiveCfg = Debug|Any CPU
		{FBA28DA2-C892-4249-878E-377BA01686A7}.Debug|Any CPU.Build.0 = Debug|Any CPU
		{FBA28DA2-C892-4249-878E-377BA01686A7}.Release|Any CPU.ActiveCfg = Release|Any CPU
		{FBA28DA2-C892-4249-878E-377BA01686A7}.Release|Any CPU.Build.0 = Release|Any CPU
		{B7803731-9077-41D8-AB0D-EBC766AFA9DE}.Debug|Any CPU.ActiveCfg = Debug|Any CPU
		{B7803731-9077-41D8-AB0D-EBC766AFA9DE}.Debug|Any CPU.Build.0 = Debug|Any CPU
		{B7803731-9077-41D8-AB0D-EBC766AFA9DE}.Release|Any CPU.ActiveCfg = Release|Any CPU
		{B7803731-9077-41D8-AB0D-EBC766AFA9DE}.Release|Any CPU.Build.0 = Release|Any CPU
		{43A6F0B0-DB71-4D82-B86B-01E2C42D8405}.Debug|Any CPU.ActiveCfg = Debug|Any CPU
		{43A6F0B0-DB71-4D82-B86B-01E2C42D8405}.Debug|Any CPU.Build.0 = Debug|Any CPU
		{43A6F0B0-DB71-4D82-B86B-01E2C42D8405}.Release|Any CPU.ActiveCfg = Release|Any CPU
		{43A6F0B0-DB71-4D82-B86B-01E2C42D8405}.Release|Any CPU.Build.0 = Release|Any CPU
		{F01C3B69-9D05-4BEF-26EB-57BAD926097B}.Debug|Any CPU.ActiveCfg = Debug|Any CPU
		{F01C3B69-9D05-4BEF-26EB-57BAD926097B}.Debug|Any CPU.Build.0 = Debug|Any CPU
		{F01C3B69-9D05-4BEF-26EB-57BAD926097B}.Release|Any CPU.ActiveCfg = Release|Any CPU
		{F01C3B69-9D05-4BEF-26EB-57BAD926097B}.Release|Any CPU.Build.0 = Release|Any CPU
		{414DFFD5-4A0F-DD91-933A-D9585859A325}.Debug|Any CPU.ActiveCfg = Debug|Any CPU
		{414DFFD5-4A0F-DD91-933A-D9585859A325}.Debug|Any CPU.Build.0 = Debug|Any CPU
		{414DFFD5-4A0F-DD91-933A-D9585859A325}.Release|Any CPU.ActiveCfg = Release|Any CPU
		{414DFFD5-4A0F-DD91-933A-D9585859A325}.Release|Any CPU.Build.0 = Release|Any CPU
		{6256525D-45AC-4C76-9234-D5F7056B4431}.Debug|Any CPU.ActiveCfg = Debug|Any CPU
		{6256525D-45AC-4C76-9234-D5F7056B4431}.Debug|Any CPU.Build.0 = Debug|Any CPU
		{6256525D-45AC-4C76-9234-D5F7056B4431}.Release|Any CPU.ActiveCfg = Release|Any CPU
		{6256525D-45AC-4C76-9234-D5F7056B4431}.Release|Any CPU.Build.0 = Release|Any CPU
		{D5956CC8-FF88-41DD-B75F-BEE3E7ADBC2B}.Debug|Any CPU.ActiveCfg = Debug|Any CPU
		{D5956CC8-FF88-41DD-B75F-BEE3E7ADBC2B}.Debug|Any CPU.Build.0 = Debug|Any CPU
		{D5956CC8-FF88-41DD-B75F-BEE3E7ADBC2B}.Release|Any CPU.ActiveCfg = Release|Any CPU
		{D5956CC8-FF88-41DD-B75F-BEE3E7ADBC2B}.Release|Any CPU.Build.0 = Release|Any CPU
		{B3F3FE81-4330-0B4C-2412-6F395A20D39D}.Debug|Any CPU.ActiveCfg = Debug|Any CPU
		{B3F3FE81-4330-0B4C-2412-6F395A20D39D}.Debug|Any CPU.Build.0 = Debug|Any CPU
		{B3F3FE81-4330-0B4C-2412-6F395A20D39D}.Release|Any CPU.ActiveCfg = Release|Any CPU
		{B3F3FE81-4330-0B4C-2412-6F395A20D39D}.Release|Any CPU.Build.0 = Release|Any CPU
		{3E053ACC-1798-4704-B171-8365224BC178}.Debug|Any CPU.ActiveCfg = Debug|Any CPU
		{3E053ACC-1798-4704-B171-8365224BC178}.Debug|Any CPU.Build.0 = Debug|Any CPU
		{3E053ACC-1798-4704-B171-8365224BC178}.Release|Any CPU.ActiveCfg = Release|Any CPU
		{3E053ACC-1798-4704-B171-8365224BC178}.Release|Any CPU.Build.0 = Release|Any CPU
		{93726B18-3415-433B-9467-F67B2BBB026B}.Debug|Any CPU.ActiveCfg = Debug|Any CPU
		{93726B18-3415-433B-9467-F67B2BBB026B}.Debug|Any CPU.Build.0 = Debug|Any CPU
		{93726B18-3415-433B-9467-F67B2BBB026B}.Release|Any CPU.ActiveCfg = Release|Any CPU
		{93726B18-3415-433B-9467-F67B2BBB026B}.Release|Any CPU.Build.0 = Release|Any CPU
		{3F3CABB3-E67F-D927-7417-80D1CBAF004A}.Debug|Any CPU.ActiveCfg = Debug|Any CPU
		{3F3CABB3-E67F-D927-7417-80D1CBAF004A}.Debug|Any CPU.Build.0 = Debug|Any CPU
		{3F3CABB3-E67F-D927-7417-80D1CBAF004A}.Release|Any CPU.ActiveCfg = Release|Any CPU
		{3F3CABB3-E67F-D927-7417-80D1CBAF004A}.Release|Any CPU.Build.0 = Release|Any CPU
		{BC318D9B-FCF6-466F-8E11-116BF8ADA2FD}.Debug|Any CPU.ActiveCfg = Debug|Any CPU
		{BC318D9B-FCF6-466F-8E11-116BF8ADA2FD}.Debug|Any CPU.Build.0 = Debug|Any CPU
		{BC318D9B-FCF6-466F-8E11-116BF8ADA2FD}.Release|Any CPU.ActiveCfg = Release|Any CPU
		{BC318D9B-FCF6-466F-8E11-116BF8ADA2FD}.Release|Any CPU.Build.0 = Release|Any CPU
		{711CE997-C630-403E-B0BA-DF9A733ADE48}.Debug|Any CPU.ActiveCfg = Debug|Any CPU
		{711CE997-C630-403E-B0BA-DF9A733ADE48}.Debug|Any CPU.Build.0 = Debug|Any CPU
		{711CE997-C630-403E-B0BA-DF9A733ADE48}.Release|Any CPU.ActiveCfg = Release|Any CPU
		{711CE997-C630-403E-B0BA-DF9A733ADE48}.Release|Any CPU.Build.0 = Release|Any CPU
		{D6844E6C-6917-4991-94EB-537FB3A341AF}.Debug|Any CPU.ActiveCfg = Debug|Any CPU
		{D6844E6C-6917-4991-94EB-537FB3A341AF}.Debug|Any CPU.Build.0 = Debug|Any CPU
		{D6844E6C-6917-4991-94EB-537FB3A341AF}.Release|Any CPU.ActiveCfg = Release|Any CPU
		{D6844E6C-6917-4991-94EB-537FB3A341AF}.Release|Any CPU.Build.0 = Release|Any CPU
		{69EF54C5-9A4E-4D1A-9C17-C7DC5FE00651}.Debug|Any CPU.ActiveCfg = Debug|Any CPU
		{69EF54C5-9A4E-4D1A-9C17-C7DC5FE00651}.Debug|Any CPU.Build.0 = Debug|Any CPU
		{69EF54C5-9A4E-4D1A-9C17-C7DC5FE00651}.Release|Any CPU.ActiveCfg = Release|Any CPU
		{69EF54C5-9A4E-4D1A-9C17-C7DC5FE00651}.Release|Any CPU.Build.0 = Release|Any CPU
		{D083F21D-46B9-4679-BEB6-168C9E94A752}.Debug|Any CPU.ActiveCfg = Debug|Any CPU
		{D083F21D-46B9-4679-BEB6-168C9E94A752}.Debug|Any CPU.Build.0 = Debug|Any CPU
		{D083F21D-46B9-4679-BEB6-168C9E94A752}.Release|Any CPU.ActiveCfg = Release|Any CPU
		{D083F21D-46B9-4679-BEB6-168C9E94A752}.Release|Any CPU.Build.0 = Release|Any CPU
		{CBFF415A-DCE6-47ED-9910-1AC6FD0D200F}.Debug|Any CPU.ActiveCfg = Debug|Any CPU
		{CBFF415A-DCE6-47ED-9910-1AC6FD0D200F}.Debug|Any CPU.Build.0 = Debug|Any CPU
		{CBFF415A-DCE6-47ED-9910-1AC6FD0D200F}.Release|Any CPU.ActiveCfg = Release|Any CPU
		{CBFF415A-DCE6-47ED-9910-1AC6FD0D200F}.Release|Any CPU.Build.0 = Release|Any CPU
		{202C008B-EC0A-416F-B83A-4769A9B73AB5}.Debug|Any CPU.ActiveCfg = Debug|Any CPU
		{202C008B-EC0A-416F-B83A-4769A9B73AB5}.Debug|Any CPU.Build.0 = Debug|Any CPU
		{202C008B-EC0A-416F-B83A-4769A9B73AB5}.Release|Any CPU.ActiveCfg = Release|Any CPU
		{202C008B-EC0A-416F-B83A-4769A9B73AB5}.Release|Any CPU.Build.0 = Release|Any CPU
		{93C6FCB1-437F-4267-9FFB-8D128591571E}.Debug|Any CPU.ActiveCfg = Debug|Any CPU
		{93C6FCB1-437F-4267-9FFB-8D128591571E}.Debug|Any CPU.Build.0 = Debug|Any CPU
		{93C6FCB1-437F-4267-9FFB-8D128591571E}.Release|Any CPU.ActiveCfg = Release|Any CPU
		{93C6FCB1-437F-4267-9FFB-8D128591571E}.Release|Any CPU.Build.0 = Release|Any CPU
		{F2F8CD49-EE52-4C8B-BA4D-E61950BD66B5}.Debug|Any CPU.ActiveCfg = Debug|Any CPU
		{F2F8CD49-EE52-4C8B-BA4D-E61950BD66B5}.Debug|Any CPU.Build.0 = Debug|Any CPU
		{F2F8CD49-EE52-4C8B-BA4D-E61950BD66B5}.Release|Any CPU.ActiveCfg = Release|Any CPU
		{F2F8CD49-EE52-4C8B-BA4D-E61950BD66B5}.Release|Any CPU.Build.0 = Release|Any CPU
		{72504158-40FA-4B0F-AE0F-6CB92BD67E3A}.Debug|Any CPU.ActiveCfg = Debug|Any CPU
		{72504158-40FA-4B0F-AE0F-6CB92BD67E3A}.Debug|Any CPU.Build.0 = Debug|Any CPU
		{72504158-40FA-4B0F-AE0F-6CB92BD67E3A}.Release|Any CPU.ActiveCfg = Release|Any CPU
		{72504158-40FA-4B0F-AE0F-6CB92BD67E3A}.Release|Any CPU.Build.0 = Release|Any CPU
		{8C032173-DE35-49EC-B389-2B50469F3609}.Debug|Any CPU.ActiveCfg = Debug|Any CPU
		{8C032173-DE35-49EC-B389-2B50469F3609}.Debug|Any CPU.Build.0 = Debug|Any CPU
		{8C032173-DE35-49EC-B389-2B50469F3609}.Release|Any CPU.ActiveCfg = Release|Any CPU
		{8C032173-DE35-49EC-B389-2B50469F3609}.Release|Any CPU.Build.0 = Release|Any CPU
		{BF9697B3-9C57-4009-8FA1-48C9ED5B7F55}.Debug|Any CPU.ActiveCfg = Debug|Any CPU
		{BF9697B3-9C57-4009-8FA1-48C9ED5B7F55}.Debug|Any CPU.Build.0 = Debug|Any CPU
		{BF9697B3-9C57-4009-8FA1-48C9ED5B7F55}.Release|Any CPU.ActiveCfg = Release|Any CPU
		{BF9697B3-9C57-4009-8FA1-48C9ED5B7F55}.Release|Any CPU.Build.0 = Release|Any CPU
		{763B95EC-AA55-4F87-8235-AD46AC37E813}.Debug|Any CPU.ActiveCfg = Debug|Any CPU
		{763B95EC-AA55-4F87-8235-AD46AC37E813}.Debug|Any CPU.Build.0 = Debug|Any CPU
		{763B95EC-AA55-4F87-8235-AD46AC37E813}.Release|Any CPU.ActiveCfg = Release|Any CPU
		{763B95EC-AA55-4F87-8235-AD46AC37E813}.Release|Any CPU.Build.0 = Release|Any CPU
		{349F0C7E-12C1-4749-B252-A57DF3A4A0B9}.Debug|Any CPU.ActiveCfg = Debug|Any CPU
		{349F0C7E-12C1-4749-B252-A57DF3A4A0B9}.Debug|Any CPU.Build.0 = Debug|Any CPU
		{349F0C7E-12C1-4749-B252-A57DF3A4A0B9}.Release|Any CPU.ActiveCfg = Release|Any CPU
		{349F0C7E-12C1-4749-B252-A57DF3A4A0B9}.Release|Any CPU.Build.0 = Release|Any CPU
		{4EC786C1-0785-47C0-A2A5-EB3FFCF260A2}.Debug|Any CPU.ActiveCfg = Debug|Any CPU
		{4EC786C1-0785-47C0-A2A5-EB3FFCF260A2}.Debug|Any CPU.Build.0 = Debug|Any CPU
		{4EC786C1-0785-47C0-A2A5-EB3FFCF260A2}.Release|Any CPU.ActiveCfg = Release|Any CPU
		{4EC786C1-0785-47C0-A2A5-EB3FFCF260A2}.Release|Any CPU.Build.0 = Release|Any CPU
		{4CA75F73-DDEE-43D0-BE1F-868A83D3B3C1}.Debug|Any CPU.ActiveCfg = Debug|Any CPU
		{4CA75F73-DDEE-43D0-BE1F-868A83D3B3C1}.Debug|Any CPU.Build.0 = Debug|Any CPU
		{4CA75F73-DDEE-43D0-BE1F-868A83D3B3C1}.Release|Any CPU.ActiveCfg = Release|Any CPU
		{4CA75F73-DDEE-43D0-BE1F-868A83D3B3C1}.Release|Any CPU.Build.0 = Release|Any CPU
		{CFB4C738-A962-410A-B378-77BAF9352FD7}.Debug|Any CPU.ActiveCfg = Debug|Any CPU
		{CFB4C738-A962-410A-B378-77BAF9352FD7}.Debug|Any CPU.Build.0 = Debug|Any CPU
		{CFB4C738-A962-410A-B378-77BAF9352FD7}.Release|Any CPU.ActiveCfg = Release|Any CPU
		{CFB4C738-A962-410A-B378-77BAF9352FD7}.Release|Any CPU.Build.0 = Release|Any CPU
		{5EF4945C-4186-4661-B516-E52EAEEDDDB0}.Debug|Any CPU.ActiveCfg = Debug|Any CPU
		{5EF4945C-4186-4661-B516-E52EAEEDDDB0}.Debug|Any CPU.Build.0 = Debug|Any CPU
		{5EF4945C-4186-4661-B516-E52EAEEDDDB0}.Release|Any CPU.ActiveCfg = Release|Any CPU
		{5EF4945C-4186-4661-B516-E52EAEEDDDB0}.Release|Any CPU.Build.0 = Release|Any CPU
		{6742A757-EBDA-48EE-AEDD-F82518DD78DB}.Debug|Any CPU.ActiveCfg = Debug|Any CPU
		{6742A757-EBDA-48EE-AEDD-F82518DD78DB}.Debug|Any CPU.Build.0 = Debug|Any CPU
		{6742A757-EBDA-48EE-AEDD-F82518DD78DB}.Release|Any CPU.ActiveCfg = Release|Any CPU
		{6742A757-EBDA-48EE-AEDD-F82518DD78DB}.Release|Any CPU.Build.0 = Release|Any CPU
		{BACCC783-8128-4409-BDB3-C191E1056E7D}.Debug|Any CPU.ActiveCfg = Debug|Any CPU
		{BACCC783-8128-4409-BDB3-C191E1056E7D}.Debug|Any CPU.Build.0 = Debug|Any CPU
		{BACCC783-8128-4409-BDB3-C191E1056E7D}.Release|Any CPU.ActiveCfg = Release|Any CPU
		{BACCC783-8128-4409-BDB3-C191E1056E7D}.Release|Any CPU.Build.0 = Release|Any CPU
		{E0FB20DE-D252-406E-9508-B319C10AB393}.Debug|Any CPU.ActiveCfg = Debug|Any CPU
		{E0FB20DE-D252-406E-9508-B319C10AB393}.Debug|Any CPU.Build.0 = Debug|Any CPU
		{E0FB20DE-D252-406E-9508-B319C10AB393}.Release|Any CPU.ActiveCfg = Release|Any CPU
		{E0FB20DE-D252-406E-9508-B319C10AB393}.Release|Any CPU.Build.0 = Release|Any CPU
		{B706E70C-5038-4058-A385-B6100954927E}.Debug|Any CPU.ActiveCfg = Debug|Any CPU
		{B706E70C-5038-4058-A385-B6100954927E}.Debug|Any CPU.Build.0 = Debug|Any CPU
		{B706E70C-5038-4058-A385-B6100954927E}.Release|Any CPU.ActiveCfg = Release|Any CPU
		{B706E70C-5038-4058-A385-B6100954927E}.Release|Any CPU.Build.0 = Release|Any CPU
		{07E71F63-EF54-4F6F-8DCE-61BDF0510499}.Debug|Any CPU.ActiveCfg = Debug|Any CPU
		{07E71F63-EF54-4F6F-8DCE-61BDF0510499}.Debug|Any CPU.Build.0 = Debug|Any CPU
		{07E71F63-EF54-4F6F-8DCE-61BDF0510499}.Release|Any CPU.ActiveCfg = Release|Any CPU
		{07E71F63-EF54-4F6F-8DCE-61BDF0510499}.Release|Any CPU.Build.0 = Release|Any CPU
		{455C2660-6FFE-479B-9021-7E5F12E078BC}.Debug|Any CPU.ActiveCfg = Debug|Any CPU
		{455C2660-6FFE-479B-9021-7E5F12E078BC}.Debug|Any CPU.Build.0 = Debug|Any CPU
		{455C2660-6FFE-479B-9021-7E5F12E078BC}.Release|Any CPU.ActiveCfg = Release|Any CPU
		{455C2660-6FFE-479B-9021-7E5F12E078BC}.Release|Any CPU.Build.0 = Release|Any CPU
		{56E976CB-6017-41C0-A583-CB1CC86CE883}.Debug|Any CPU.ActiveCfg = Debug|Any CPU
		{56E976CB-6017-41C0-A583-CB1CC86CE883}.Debug|Any CPU.Build.0 = Debug|Any CPU
		{56E976CB-6017-41C0-A583-CB1CC86CE883}.Release|Any CPU.ActiveCfg = Release|Any CPU
		{56E976CB-6017-41C0-A583-CB1CC86CE883}.Release|Any CPU.Build.0 = Release|Any CPU
	EndGlobalSection
	GlobalSection(SolutionProperties) = preSolution
		HideSolutionNode = FALSE
	EndGlobalSection
	GlobalSection(NestedProjects) = preSolution
		{AE85B8D9-08FE-4B00-952C-43401537E35A} = {DDB4EF12-CC4E-5E88-E6FC-71A802F4DE97}
		{8F21C7A9-587A-48F4-829A-0E333C6E73CB} = {FA025323-CF66-4CE6-9100-3576F5C29544}
		{66D5FF76-22ED-4236-9A96-25C55E21294A} = {FA025323-CF66-4CE6-9100-3576F5C29544}
		{C81764BA-A643-4BCF-9B29-BB50962661FE} = {FA025323-CF66-4CE6-9100-3576F5C29544}
		{FA025323-CF66-4CE6-9100-3576F5C29544} = {00DBAB36-A2F8-4515-A121-C1A913A8CD1E}
		{B172E40B-C286-45D9-8263-E83629C9A09E} = {7FEFC46A-50B0-4B6C-A8DD-5CCBFA867F9A}
		{A1B96F37-1552-4CA5-80B1-F67CE7DE1C89} = {7FEFC46A-50B0-4B6C-A8DD-5CCBFA867F9A}
		{8064340F-032E-4BF1-BB6D-B9D4131CCF75} = {00DBAB36-A2F8-4515-A121-C1A913A8CD1E}
		{3FFECA8F-BC9B-4C24-AA81-B7F6B8821015} = {8064340F-032E-4BF1-BB6D-B9D4131CCF75}
		{65CAFC32-EDDD-4C11-86F7-2672F258EB10} = {00DBAB36-A2F8-4515-A121-C1A913A8CD1E}
		{D5336D19-E841-4835-8E31-6B69C4AA6BE4} = {65CAFC32-EDDD-4C11-86F7-2672F258EB10}
		{B1F8B6B0-9033-4D04-B467-5C63803A72CE} = {5DBF3D4E-18DD-43EB-8EF7-DE9B8E5E7D3D}
		{5EC31086-E854-4751-803D-43CDD610860F} = {5DBF3D4E-18DD-43EB-8EF7-DE9B8E5E7D3D}
		{96057D6B-AD5C-4C2E-A251-81FEBBEE6B42} = {5EC31086-E854-4751-803D-43CDD610860F}
		{F1C1E473-FB29-4C47-A6DA-128834782591} = {5DBF3D4E-18DD-43EB-8EF7-DE9B8E5E7D3D}
		{3026868D-0A37-4A7F-99BA-8DBB53464079} = {5EC31086-E854-4751-803D-43CDD610860F}
		{3A95A141-AAD8-CCAB-6F75-1E63A7123829} = {2A09E7DE-4B30-4592-9E99-843AB4331AEC}
		{94DD345E-7CED-4741-C3E7-505B445CE161} = {2A09E7DE-4B30-4592-9E99-843AB4331AEC}
		{88E9ABAB-18F9-4D62-86F0-9519602D63F7} = {2A09E7DE-4B30-4592-9E99-843AB4331AEC}
		{2A3270C8-631C-498E-AA94-4EF826927462} = {88E9ABAB-18F9-4D62-86F0-9519602D63F7}
		{D3A2AD2A-186C-47A5-B0C4-46B3FB7AAE12} = {E463ADAA-E939-4CFE-B78B-F19CF4B996AC}
		{20F74B8E-13B5-438D-B27B-D722D459E526} = {27A7D3E5-F059-48A0-B997-94AB004CD9DB}
		{E5D24003-8EC3-4A11-816D-894430FCE2D4} = {20F74B8E-13B5-438D-B27B-D722D459E526}
		{A066218B-783D-4C00-A416-99DB2FB45301} = {27A7D3E5-F059-48A0-B997-94AB004CD9DB}
		{A4F7C34F-AA81-4235-845B-480154493FA1} = {27A7D3E5-F059-48A0-B997-94AB004CD9DB}
		{C78F49A2-F3DC-4705-9811-4F497C8CEE2B} = {20F74B8E-13B5-438D-B27B-D722D459E526}
		{47B412FE-80ED-493D-86C8-E32801E507FD} = {7E3BD886-C755-4292-B05F-DEA987B307A8}
		{0603DDE6-82BE-49A1-81DE-805E90792DC6} = {7E3BD886-C755-4292-B05F-DEA987B307A8}
		{B67AC13B-EA99-4E5D-A44A-EDE583EA953B} = {47B412FE-80ED-493D-86C8-E32801E507FD}
		{DC2E200C-6B43-4F70-B11F-DB8A9357FC78} = {47B412FE-80ED-493D-86C8-E32801E507FD}
		{3371F1D9-AE66-4FBD-9148-15637677E50C} = {47B412FE-80ED-493D-86C8-E32801E507FD}
		{A9F27F92-5E13-4BF0-9599-ECB4B3C6D0E6} = {7E3BD886-C755-4292-B05F-DEA987B307A8}
		{7F68E828-70D6-4767-9FA5-8D1C171C358B} = {00862363-A515-4EF8-A357-A6345CD1984D}
		{E39AF541-0629-4F48-8967-EE88B9517236} = {00862363-A515-4EF8-A357-A6345CD1984D}
		{9437AB04-6680-4AA9-91DF-D37C252E7EEE} = {00862363-A515-4EF8-A357-A6345CD1984D}
		{8967FF11-F7FC-4168-B1CB-B8A81308062A} = {E39AF541-0629-4F48-8967-EE88B9517236}
		{0FCF8A3C-16F9-40D3-B7C7-D270E4C82013} = {C7C6A207-FA03-4D4C-A1D0-607F32D40155}
		{D7A6C05C-9158-44E5-95A7-7C0CA85BAF91} = {C7C6A207-FA03-4D4C-A1D0-607F32D40155}
		{7282B86F-CB72-4DE9-AE8A-01108D8D55C1} = {0FCF8A3C-16F9-40D3-B7C7-D270E4C82013}
		{B804FA85-9D5D-4D6B-B95C-3940D72E15D0} = {C7C6A207-FA03-4D4C-A1D0-607F32D40155}
		{EF8A7920-990B-46B4-85DF-1701CC2886AB} = {0FCF8A3C-16F9-40D3-B7C7-D270E4C82013}
		{6EF7678A-A725-F430-3097-30F090C0100A} = {5116E644-50C7-4109-9A16-453686863A63}
		{010D0C11-D6A2-3CA6-3281-4E0FD547EC2D} = {5116E644-50C7-4109-9A16-453686863A63}
		{041535E7-4298-46D4-B339-77A2DB4B9307} = {C939F66D-1E4C-49AF-8218-58AAE14422F6}
		{E1297F53-D94F-4AFA-8369-1CC16F8A28D4} = {C939F66D-1E4C-49AF-8218-58AAE14422F6}
		{9F0CE3ED-1D61-4CCF-8396-A1C33BC605C4} = {E1297F53-D94F-4AFA-8369-1CC16F8A28D4}
		{C160382E-67AD-4D84-8A40-B9B165D33565} = {E1297F53-D94F-4AFA-8369-1CC16F8A28D4}
		{925CCC30-18F6-4E98-B632-94D8998D2B54} = {E1297F53-D94F-4AFA-8369-1CC16F8A28D4}
		{FBA28DA2-C892-4249-878E-377BA01686A7} = {7FEFC46A-50B0-4B6C-A8DD-5CCBFA867F9A}
		{1CAD1F0A-67FB-47AE-B284-AD3876141592} = {CA33C070-2B0D-4DCA-A58B-CE7138DC7C64}
		{B7803731-9077-41D8-AB0D-EBC766AFA9DE} = {CA33C070-2B0D-4DCA-A58B-CE7138DC7C64}
		{43A6F0B0-DB71-4D82-B86B-01E2C42D8405} = {1CAD1F0A-67FB-47AE-B284-AD3876141592}
		{F01C3B69-9D05-4BEF-26EB-57BAD926097B} = {1CAD1F0A-67FB-47AE-B284-AD3876141592}
		{414DFFD5-4A0F-DD91-933A-D9585859A325} = {1CAD1F0A-67FB-47AE-B284-AD3876141592}
		{6256525D-45AC-4C76-9234-D5F7056B4431} = {7FEFC46A-50B0-4B6C-A8DD-5CCBFA867F9A}
		{D5956CC8-FF88-41DD-B75F-BEE3E7ADBC2B} = {C85CE3CF-2399-4A7E-94F8-F1CA672E5C05}
		{9ABEE7B2-1576-4802-A551-326DE2CC20D4} = {C85CE3CF-2399-4A7E-94F8-F1CA672E5C05}
		{B3F3FE81-4330-0B4C-2412-6F395A20D39D} = {9ABEE7B2-1576-4802-A551-326DE2CC20D4}
		{3E053ACC-1798-4704-B171-8365224BC178} = {C85CE3CF-2399-4A7E-94F8-F1CA672E5C05}
		{93726B18-3415-433B-9467-F67B2BBB026B} = {C85CE3CF-2399-4A7E-94F8-F1CA672E5C05}
		{3F3CABB3-E67F-D927-7417-80D1CBAF004A} = {9ABEE7B2-1576-4802-A551-326DE2CC20D4}
		{BC318D9B-FCF6-466F-8E11-116BF8ADA2FD} = {9ABEE7B2-1576-4802-A551-326DE2CC20D4}
		{711CE997-C630-403E-B0BA-DF9A733ADE48} = {C85CE3CF-2399-4A7E-94F8-F1CA672E5C05}
		{D6844E6C-6917-4991-94EB-537FB3A341AF} = {9ABEE7B2-1576-4802-A551-326DE2CC20D4}
		{69EF54C5-9A4E-4D1A-9C17-C7DC5FE00651} = {9ABEE7B2-1576-4802-A551-326DE2CC20D4}
		{D083F21D-46B9-4679-BEB6-168C9E94A752} = {566892B1-D11D-4BDD-ACC0-28D947BAF7B4}
		{CBFF415A-DCE6-47ED-9910-1AC6FD0D200F} = {566892B1-D11D-4BDD-ACC0-28D947BAF7B4}
		{202C008B-EC0A-416F-B83A-4769A9B73AB5} = {566892B1-D11D-4BDD-ACC0-28D947BAF7B4}
		{93C6FCB1-437F-4267-9FFB-8D128591571E} = {566892B1-D11D-4BDD-ACC0-28D947BAF7B4}
		{F2F8CD49-EE52-4C8B-BA4D-E61950BD66B5} = {566892B1-D11D-4BDD-ACC0-28D947BAF7B4}
		{72504158-40FA-4B0F-AE0F-6CB92BD67E3A} = {566892B1-D11D-4BDD-ACC0-28D947BAF7B4}
		{8C032173-DE35-49EC-B389-2B50469F3609} = {566892B1-D11D-4BDD-ACC0-28D947BAF7B4}
		{BF9697B3-9C57-4009-8FA1-48C9ED5B7F55} = {815EE7D3-A7E1-4307-BCD0-9F458BEF836D}
		{763B95EC-AA55-4F87-8235-AD46AC37E813} = {815EE7D3-A7E1-4307-BCD0-9F458BEF836D}
		{349F0C7E-12C1-4749-B252-A57DF3A4A0B9} = {58EC977B-A432-48AA-820B-3F9FDC9D9939}
		{4EC786C1-0785-47C0-A2A5-EB3FFCF260A2} = {58EC977B-A432-48AA-820B-3F9FDC9D9939}
		{4CA75F73-DDEE-43D0-BE1F-868A83D3B3C1} = {A23E64D5-C1CA-43DA-828C-2EAD108F42BB}
		{FEAE70BD-08B4-42CB-BDB6-050370256BCE} = {A23E64D5-C1CA-43DA-828C-2EAD108F42BB}
		{CFB4C738-A962-410A-B378-77BAF9352FD7} = {FEAE70BD-08B4-42CB-BDB6-050370256BCE}
		{5EF4945C-4186-4661-B516-E52EAEEDDDB0} = {A23E64D5-C1CA-43DA-828C-2EAD108F42BB}
		{6742A757-EBDA-48EE-AEDD-F82518DD78DB} = {A23E64D5-C1CA-43DA-828C-2EAD108F42BB}
		{BACCC783-8128-4409-BDB3-C191E1056E7D} = {A23E64D5-C1CA-43DA-828C-2EAD108F42BB}
		{E0FB20DE-D252-406E-9508-B319C10AB393} = {BF41EA58-CFB6-483C-91B8-550190CA0CAE}
		{E1FED199-151D-40E4-8E2A-86AE88EBDFE1} = {BF41EA58-CFB6-483C-91B8-550190CA0CAE}
		{B706E70C-5038-4058-A385-B6100954927E} = {E1FED199-151D-40E4-8E2A-86AE88EBDFE1}
		{AA2760AD-5CBF-4128-B908-0F587683AB47} = {07DD71A8-17B7-4EAE-AAA2-9D954761323F}
		{07E71F63-EF54-4F6F-8DCE-61BDF0510499} = {07DD71A8-17B7-4EAE-AAA2-9D954761323F}
		{94DCA81B-CC69-423F-901E-4F9165C1EC5D} = {07DD71A8-17B7-4EAE-AAA2-9D954761323F}
		{455C2660-6FFE-479B-9021-7E5F12E078BC} = {94DCA81B-CC69-423F-901E-4F9165C1EC5D}
		{56E976CB-6017-41C0-A583-CB1CC86CE883} = {94DCA81B-CC69-423F-901E-4F9165C1EC5D}
	EndGlobalSection
	GlobalSection(ExtensibilityGlobals) = postSolution
		SolutionGuid = {272591D5-063F-49AB-8679-BAA2946B1211}
	EndGlobalSection
EndGlobal
